lockfileVersion: '9.0'

settings:
  autoInstallPeers: true
  excludeLinksFromLockfile: false

importers:

  .:
    dependencies:
      '@genkit-ai/googleai':
        specifier: link:../../../genkit/js/plugins/googleai
        version: link:../../../genkit/js/plugins/googleai
      '@genkit-ai/mcp':
        specifier: link:../..
        version: link:../..
      '@modelcontextprotocol/server-filesystem':
        specifier: ^0.5.1
        version: 0.5.1(zod@3.23.8)
      '@modelcontextprotocol/server-github':
        specifier: ^0.5.1
        version: 0.5.1(zod@3.23.8)
      genkit:
        specifier: link:../../../genkit/js/genkit
        version: link:../../../genkit/js/genkit
    devDependencies:
      '@modelcontextprotocol/server-puppeteer':
        specifier: ^0.5.1
        version: 0.5.1
      tsx:
        specifier: ^4.19.2
        version: 4.19.2

packages:

  '@babel/code-frame@7.26.2':
    resolution: {integrity: sha512-RJlIHRueQgwWitWgF8OdFYGZX328Ax5BCemNGlqHfplnRT9ESi8JkFlvaVYbS+UubVY6dpv87Fs2u5M29iNFVQ==}
    engines: {node: '>=6.9.0'}

  '@babel/helper-validator-identifier@7.25.9':
    resolution: {integrity: sha512-Ed61U6XJc3CVRfkERJWDz4dJwKe7iLmmJsbOGu9wSloNSFttHV0I8g6UAgb7qnK5ly5bGLPd4oXZlxCdANBOWQ==}
    engines: {node: '>=6.9.0'}

  '@esbuild/aix-ppc64@0.23.1':
    resolution: {integrity: sha512-6VhYk1diRqrhBAqpJEdjASR/+WVRtfjpqKuNw11cLiaWpAT/Uu+nokB+UJnevzy/P9C/ty6AOe0dwueMrGh/iQ==}
    engines: {node: '>=18'}
    cpu: [ppc64]
    os: [aix]

  '@esbuild/android-arm64@0.23.1':
    resolution: {integrity: sha512-xw50ipykXcLstLeWH7WRdQuysJqejuAGPd30vd1i5zSyKK3WE+ijzHmLKxdiCMtH1pHz78rOg0BKSYOSB/2Khw==}
    engines: {node: '>=18'}
    cpu: [arm64]
    os: [android]

  '@esbuild/android-arm@0.23.1':
    resolution: {integrity: sha512-uz6/tEy2IFm9RYOyvKl88zdzZfwEfKZmnX9Cj1BHjeSGNuGLuMD1kR8y5bteYmwqKm1tj8m4cb/aKEorr6fHWQ==}
    engines: {node: '>=18'}
    cpu: [arm]
    os: [android]

  '@esbuild/android-x64@0.23.1':
    resolution: {integrity: sha512-nlN9B69St9BwUoB+jkyU090bru8L0NA3yFvAd7k8dNsVH8bi9a8cUAUSEcEEgTp2z3dbEDGJGfP6VUnkQnlReg==}
    engines: {node: '>=18'}
    cpu: [x64]
    os: [android]

  '@esbuild/darwin-arm64@0.23.1':
    resolution: {integrity: sha512-YsS2e3Wtgnw7Wq53XXBLcV6JhRsEq8hkfg91ESVadIrzr9wO6jJDMZnCQbHm1Guc5t/CdDiFSSfWP58FNuvT3Q==}
    engines: {node: '>=18'}
    cpu: [arm64]
    os: [darwin]

  '@esbuild/darwin-x64@0.23.1':
    resolution: {integrity: sha512-aClqdgTDVPSEGgoCS8QDG37Gu8yc9lTHNAQlsztQ6ENetKEO//b8y31MMu2ZaPbn4kVsIABzVLXYLhCGekGDqw==}
    engines: {node: '>=18'}
    cpu: [x64]
    os: [darwin]

  '@esbuild/freebsd-arm64@0.23.1':
    resolution: {integrity: sha512-h1k6yS8/pN/NHlMl5+v4XPfikhJulk4G+tKGFIOwURBSFzE8bixw1ebjluLOjfwtLqY0kewfjLSrO6tN2MgIhA==}
    engines: {node: '>=18'}
    cpu: [arm64]
    os: [freebsd]

  '@esbuild/freebsd-x64@0.23.1':
    resolution: {integrity: sha512-lK1eJeyk1ZX8UklqFd/3A60UuZ/6UVfGT2LuGo3Wp4/z7eRTRYY+0xOu2kpClP+vMTi9wKOfXi2vjUpO1Ro76g==}
    engines: {node: '>=18'}
    cpu: [x64]
    os: [freebsd]

  '@esbuild/linux-arm64@0.23.1':
    resolution: {integrity: sha512-/93bf2yxencYDnItMYV/v116zff6UyTjo4EtEQjUBeGiVpMmffDNUyD9UN2zV+V3LRV3/on4xdZ26NKzn6754g==}
    engines: {node: '>=18'}
    cpu: [arm64]
    os: [linux]

  '@esbuild/linux-arm@0.23.1':
    resolution: {integrity: sha512-CXXkzgn+dXAPs3WBwE+Kvnrf4WECwBdfjfeYHpMeVxWE0EceB6vhWGShs6wi0IYEqMSIzdOF1XjQ/Mkm5d7ZdQ==}
    engines: {node: '>=18'}
    cpu: [arm]
    os: [linux]

  '@esbuild/linux-ia32@0.23.1':
    resolution: {integrity: sha512-VTN4EuOHwXEkXzX5nTvVY4s7E/Krz7COC8xkftbbKRYAl96vPiUssGkeMELQMOnLOJ8k3BY1+ZY52tttZnHcXQ==}
    engines: {node: '>=18'}
    cpu: [ia32]
    os: [linux]

  '@esbuild/linux-loong64@0.23.1':
    resolution: {integrity: sha512-Vx09LzEoBa5zDnieH8LSMRToj7ir/Jeq0Gu6qJ/1GcBq9GkfoEAoXvLiW1U9J1qE/Y/Oyaq33w5p2ZWrNNHNEw==}
    engines: {node: '>=18'}
    cpu: [loong64]
    os: [linux]

  '@esbuild/linux-mips64el@0.23.1':
    resolution: {integrity: sha512-nrFzzMQ7W4WRLNUOU5dlWAqa6yVeI0P78WKGUo7lg2HShq/yx+UYkeNSE0SSfSure0SqgnsxPvmAUu/vu0E+3Q==}
    engines: {node: '>=18'}
    cpu: [mips64el]
    os: [linux]

  '@esbuild/linux-ppc64@0.23.1':
    resolution: {integrity: sha512-dKN8fgVqd0vUIjxuJI6P/9SSSe/mB9rvA98CSH2sJnlZ/OCZWO1DJvxj8jvKTfYUdGfcq2dDxoKaC6bHuTlgcw==}
    engines: {node: '>=18'}
    cpu: [ppc64]
    os: [linux]

  '@esbuild/linux-riscv64@0.23.1':
    resolution: {integrity: sha512-5AV4Pzp80fhHL83JM6LoA6pTQVWgB1HovMBsLQ9OZWLDqVY8MVobBXNSmAJi//Csh6tcY7e7Lny2Hg1tElMjIA==}
    engines: {node: '>=18'}
    cpu: [riscv64]
    os: [linux]

  '@esbuild/linux-s390x@0.23.1':
    resolution: {integrity: sha512-9ygs73tuFCe6f6m/Tb+9LtYxWR4c9yg7zjt2cYkjDbDpV/xVn+68cQxMXCjUpYwEkze2RcU/rMnfIXNRFmSoDw==}
    engines: {node: '>=18'}
    cpu: [s390x]
    os: [linux]

  '@esbuild/linux-x64@0.23.1':
    resolution: {integrity: sha512-EV6+ovTsEXCPAp58g2dD68LxoP/wK5pRvgy0J/HxPGB009omFPv3Yet0HiaqvrIrgPTBuC6wCH1LTOY91EO5hQ==}
    engines: {node: '>=18'}
    cpu: [x64]
    os: [linux]

  '@esbuild/netbsd-x64@0.23.1':
    resolution: {integrity: sha512-aevEkCNu7KlPRpYLjwmdcuNz6bDFiE7Z8XC4CPqExjTvrHugh28QzUXVOZtiYghciKUacNktqxdpymplil1beA==}
    engines: {node: '>=18'}
    cpu: [x64]
    os: [netbsd]

  '@esbuild/openbsd-arm64@0.23.1':
    resolution: {integrity: sha512-3x37szhLexNA4bXhLrCC/LImN/YtWis6WXr1VESlfVtVeoFJBRINPJ3f0a/6LV8zpikqoUg4hyXw0sFBt5Cr+Q==}
    engines: {node: '>=18'}
    cpu: [arm64]
    os: [openbsd]

  '@esbuild/openbsd-x64@0.23.1':
    resolution: {integrity: sha512-aY2gMmKmPhxfU+0EdnN+XNtGbjfQgwZj43k8G3fyrDM/UdZww6xrWxmDkuz2eCZchqVeABjV5BpildOrUbBTqA==}
    engines: {node: '>=18'}
    cpu: [x64]
    os: [openbsd]

  '@esbuild/sunos-x64@0.23.1':
    resolution: {integrity: sha512-RBRT2gqEl0IKQABT4XTj78tpk9v7ehp+mazn2HbUeZl1YMdaGAQqhapjGTCe7uw7y0frDi4gS0uHzhvpFuI1sA==}
    engines: {node: '>=18'}
    cpu: [x64]
    os: [sunos]

  '@esbuild/win32-arm64@0.23.1':
    resolution: {integrity: sha512-4O+gPR5rEBe2FpKOVyiJ7wNDPA8nGzDuJ6gN4okSA1gEOYZ67N8JPk58tkWtdtPeLz7lBnY6I5L3jdsr3S+A6A==}
    engines: {node: '>=18'}
    cpu: [arm64]
    os: [win32]

  '@esbuild/win32-ia32@0.23.1':
    resolution: {integrity: sha512-BcaL0Vn6QwCwre3Y717nVHZbAa4UBEigzFm6VdsVdT/MbZ38xoj1X9HPkZhbmaBGUD1W8vxAfffbDe8bA6AKnQ==}
    engines: {node: '>=18'}
    cpu: [ia32]
    os: [win32]

  '@esbuild/win32-x64@0.23.1':
    resolution: {integrity: sha512-BHpFFeslkWrXWyUPnbKm+xYYVYruCinGcftSBaa8zoF9hZO4BcSCFUvHVTtzpIY6YzUnYtuEhZ+C9iEXjxnasg==}
    engines: {node: '>=18'}
    cpu: [x64]
    os: [win32]

  '@isaacs/cliui@8.0.2':
    resolution: {integrity: sha512-O8jcjabXaleOG9DQ0+ARXWZBTfnP4WNAqzuiJK7ll44AmxGKv/J2M4TPjxjY3znBCfvBXFzucm1twdyFybFqEA==}
    engines: {node: '>=12'}

  '@modelcontextprotocol/sdk@0.5.0':
    resolution: {integrity: sha512-RXgulUX6ewvxjAG0kOpLMEdXXWkzWgaoCGaA2CwNW7cQCIphjpJhjpHSiaPdVCnisjRF/0Cm9KWHUuIoeiAblQ==}

  '@modelcontextprotocol/sdk@0.6.0':
    resolution: {integrity: sha512-9rsDudGhDtMbvxohPoMMyAUOmEzQsOK+XFchh6gZGqo8sx9sBuZQs+CUttXqa8RZXKDaJRCN2tUtgGof7jRkkw==}

  '@modelcontextprotocol/server-filesystem@0.5.1':
    resolution: {integrity: sha512-MK+zgoDaEvoLsjej1b59W/u29QjFxrnYoV+gpQ+ge7q7olWisiWIpUnBvCtJ2nBfUMpX12OMb/I6ikrIb7+/TA==}
    hasBin: true

  '@modelcontextprotocol/server-github@0.5.1':
    resolution: {integrity: sha512-VdNGByBAa16Qs5Cr9Sw0/R8DI6mqPbCBkEAGAyaJQraWbYFtQISPgl2dzEHEC47oJOrrurUe10PHZZJ141aTmA==}
    hasBin: true

  '@modelcontextprotocol/server-puppeteer@0.5.1':
    resolution: {integrity: sha512-Q5dQ/2h+nvvzZNdJ0dFvt05RhOy8zi5HmblKeWHB00H9OsDwbiEmuJkR9GurwMIaitRjU8IU69w4frKA+7tRUQ==}
    hasBin: true

  '@pkgjs/parseargs@0.11.0':
    resolution: {integrity: sha512-+1VkjdD0QBLPodGrJUeqarH8VAIvQODIbwh9XpP5Syisf7YoQgsJKPNFoqqLQlu+VQ/tVSshMR6loPMn8U+dPg==}
    engines: {node: '>=14'}

  '@puppeteer/browsers@2.4.1':
    resolution: {integrity: sha512-0kdAbmic3J09I6dT8e9vE2JOCSt13wHCW5x/ly8TSt2bDtuIWe2TgLZZDHdcziw9AVCzflMAXCrVyRIhIs44Ng==}
    engines: {node: '>=18'}
    hasBin: true

  '@tootallnate/quickjs-emscripten@0.23.0':
    resolution: {integrity: sha512-C5Mc6rdnsaJDjO3UpGW/CQTHtCKaYlScZTly4JIu97Jxo/odCiH0ITnDXSJPTOrEKk/ycSZ0AOgTmkDtkOsvIA==}

  '@types/node-fetch@2.6.12':
    resolution: {integrity: sha512-8nneRWKCg3rMtF69nLQJnOYUcbafYeFSjqkw3jCRLsqkWFlHaoQrr5mXmofFGOx3DKn7UfmBMyov8ySvLRVldA==}

  '@types/node@22.9.4':
    resolution: {integrity: sha512-d9RWfoR7JC/87vj7n+PVTzGg9hDyuFjir3RxUHbjFSKNd9mpxbxwMEyaCim/ddCmy4IuW7HjTzF3g9p3EtWEOg==}

  '@types/yauzl@2.10.3':
    resolution: {integrity: sha512-oJoftv0LSuaDZE3Le4DbKX+KS9G36NzOeSap90UIK0yMA/NhKJhqlSGtNDORNRaIbQfzjXDrQa0ytJ6mNRGz/Q==}

  agent-base@7.1.1:
    resolution: {integrity: sha512-H0TSyFNDMomMNJQBn8wFV5YC/2eJ+VXECwOadZJT554xP6cODZHPX3H9QMQECxvrgiSOP1pHjy1sMWQVYJOUOA==}
    engines: {node: '>= 14'}

  ansi-regex@5.0.1:
    resolution: {integrity: sha512-quJQXlTSUGL2LH9SUXo8VwsY4soanhgo6LNSm84E1LBcE8s3O0wpdiRzyR9z/ZZJMlMWv37qOOb9pdJlMUEKFQ==}
    engines: {node: '>=8'}

  ansi-regex@6.1.0:
    resolution: {integrity: sha512-7HSX4QQb4CspciLpVFwyRe79O3xsIZDDLER21kERQ71oaPodF8jL725AgJMFAYbooIqolJoRLuM81SpeUkpkvA==}
    engines: {node: '>=12'}

  ansi-styles@4.3.0:
    resolution: {integrity: sha512-zbB9rCJAT1rbjiVDb2hqKFHNYLxgtk8NURxZ3IZwD3F6NtxbXZQCnnSi1Lkx+IDohdPlFp222wVALIheZJQSEg==}
    engines: {node: '>=8'}

  ansi-styles@6.2.1:
    resolution: {integrity: sha512-bN798gFfQX+viw3R7yrGWRqnrN2oRkEkUjjl4JNn4E8GxxbjtG3FbrEIIY3l8/hrwUwIeCZvi4QuOTP4MErVug==}
    engines: {node: '>=12'}

  argparse@2.0.1:
    resolution: {integrity: sha512-8+9WqebbFzpX9OR+Wa6O29asIogeRMzcGtAINdpMHHyAg10f05aSFVBbcEqGf/PXw1EjAZ+q2/bEBg3DvurK3Q==}

  ast-types@0.13.4:
    resolution: {integrity: sha512-x1FCFnFifvYDDzTaLII71vG5uvDwgtmDTEVWAxrgeiR8VjMONcCXJx7E+USjDtHlwFmt9MysbqgF9b9Vjr6w+w==}
    engines: {node: '>=4'}

  asynckit@0.4.0:
    resolution: {integrity: sha512-Oei9OH4tRh0YqU3GxhX79dM/mwVgvbZJaSNaRk+bshkj0S5cfHcgYakreBjrHwatXKbz+IoIdYLxrKim2MjW0Q==}

  b4a@1.6.7:
    resolution: {integrity: sha512-OnAYlL5b7LEkALw87fUVafQw5rVR9RjwGd4KUwNQ6DrrNmaVaUCgLipfVlzrPQ4tWOR9P0IXGNOx50jYCCdSJg==}

  balanced-match@1.0.2:
    resolution: {integrity: sha512-3oSeUO0TMV67hN1AmbXsK4yaqU7tjiHlbxRDZOpH0KW9+CeX4bRAaX0Anxt0tx2MrpRpWwQaPwIlISEJhYU5Pw==}

  bare-events@2.5.0:
    resolution: {integrity: sha512-/E8dDe9dsbLyh2qrZ64PEPadOQ0F4gbl1sUJOrmph7xOiIxfY8vwab/4bFLh4Y88/Hk/ujKcrQKc+ps0mv873A==}

  bare-fs@2.3.5:
    resolution: {integrity: sha512-SlE9eTxifPDJrT6YgemQ1WGFleevzwY+XAP1Xqgl56HtcrisC2CHCZ2tq6dBpcH2TnNxwUEUGhweo+lrQtYuiw==}

  bare-os@2.4.4:
    resolution: {integrity: sha512-z3UiI2yi1mK0sXeRdc4O1Kk8aOa/e+FNWZcTiPB/dfTWyLypuE99LibgRaQki914Jq//yAWylcAt+mknKdixRQ==}

  bare-path@2.1.3:
    resolution: {integrity: sha512-lh/eITfU8hrj9Ru5quUp0Io1kJWIk1bTjzo7JH1P5dWmQ2EL4hFUlfI8FonAhSlgIfhn63p84CDY/x+PisgcXA==}

  bare-stream@2.4.2:
    resolution: {integrity: sha512-XZ4ln/KV4KT+PXdIWTKjsLY+quqCaEtqqtgGJVPw9AoM73By03ij64YjepK0aQvHSWDb6AfAZwqKaFu68qkrdA==}

  base64-js@1.5.1:
    resolution: {integrity: sha512-AKpaYlHn8t4SVbOHCy+b5+KKgvR4vrsD8vbvrbiQJps7fKDTkjkDry6ji0rUJjC0kzbNePLwzxq8iypo41qeWA==}

  basic-ftp@5.0.5:
    resolution: {integrity: sha512-4Bcg1P8xhUuqcii/S0Z9wiHIrQVPMermM1any+MX5GeGD7faD3/msQUDGLol9wOcz4/jbg/WJnGqoJF6LiBdtg==}
    engines: {node: '>=10.0.0'}

  brace-expansion@2.0.1:
    resolution: {integrity: sha512-XnAIvQ8eM+kC6aULx6wuQiwVsnzsi9d3WxzV3FpWTGA19F621kwdbsAcFKXgKUHZWsy+mY6iL1sHTxWEFCytDA==}

  buffer-crc32@0.2.13:
    resolution: {integrity: sha512-VO9Ht/+p3SN7SKWqcrgEzjGbRSJYTx+Q1pTQC0wrWqHx0vpJraQ6GtHx8tvcg1rlK1byhU5gccxgOgj7B0TDkQ==}

  buffer@5.7.1:
    resolution: {integrity: sha512-EHcyIPBQ4BSGlvjB16k5KgAJ27CIsHY/2JBmCRReo48y9rQ3MaUzWX3KVlBa4U7MyX02HdVj0K7C3WaB3ju7FQ==}

  bytes@3.1.2:
    resolution: {integrity: sha512-/Nf7TyzTx6S3yRJObOAV7956r8cr2+Oj8AC5dt8wSP3BQAoeX58NoHyCU8P8zGkNXStjTSi6fzO6F0pBdcYbEg==}
    engines: {node: '>= 0.8'}

  callsites@3.1.0:
    resolution: {integrity: sha512-P8BjAsXvZS+VIDUI11hHCQEv74YT67YUi5JJFNWIqL235sBmjX4+qx9Muvls5ivyNENctx46xQLQ3aTuE7ssaQ==}
    engines: {node: '>=6'}

  chromium-bidi@0.8.0:
    resolution: {integrity: sha512-uJydbGdTw0DEUjhoogGveneJVWX/9YuqkWePzMmkBYwtdAqo5d3J/ovNKFr+/2hWXYmYCr6it8mSSTIj6SS6Ug==}
    peerDependencies:
      devtools-protocol: '*'

  cliui@8.0.1:
    resolution: {integrity: sha512-BSeNnyus75C4//NQ9gQt1/csTXyo/8Sb+afLAkzAptFuMsod9HFokGNudZpi/oQV73hnVK+sR+5PVRMd+Dr7YQ==}
    engines: {node: '>=12'}

  color-convert@2.0.1:
    resolution: {integrity: sha512-RRECPsj7iu/xb5oKYcsFHSppFNnsj/52OVTRKb4zP5onXwVF3zVmmToNcOfGC+CRDpfK/U584fMg38ZHCaElKQ==}
    engines: {node: '>=7.0.0'}

  color-name@1.1.4:
    resolution: {integrity: sha512-dOy+3AuW3a2wNbZHIuMZpTcgjGuLU/uBL/ubcZF9OXbDo8ff4O8yVp5Bf0efS8uEoYo5q4Fx7dY9OgQGXgAsQA==}

  combined-stream@1.0.8:
    resolution: {integrity: sha512-FQN4MRfuJeHf7cBbBMJFXhKSDq+2kAArBlmRBvcvFE5BB1HZKXtSFASDhdlz9zOYwxh8lDdnvmMOe/+5cdoEdg==}
    engines: {node: '>= 0.8'}

  content-type@1.0.5:
    resolution: {integrity: sha512-nTjqfcBFEipKdXCv4YDQWCfmcLZKm81ldF0pAopTvyrFGVbcR6P/VAAd5G7N+0tTr8QqiU0tFadD6FK4NtJwOA==}
    engines: {node: '>= 0.6'}

  cosmiconfig@9.0.0:
    resolution: {integrity: sha512-itvL5h8RETACmOTFc4UfIyB2RfEHi71Ax6E/PivVxq9NseKbOWpeyHEOIbmAw1rs8Ak0VursQNww7lf7YtUwzg==}
    engines: {node: '>=14'}
    peerDependencies:
      typescript: '>=4.9.5'
    peerDependenciesMeta:
      typescript:
        optional: true

  cross-spawn@7.0.6:
    resolution: {integrity: sha512-uV2QOWP2nWzsy2aMp8aRibhi9dlzF5Hgh5SHaB9OiTGEyDTiJJyx0uy51QXdyWbtAHNua4XJzUKca3OzKUd3vA==}
    engines: {node: '>= 8'}

  data-uri-to-buffer@4.0.1:
    resolution: {integrity: sha512-0R9ikRb668HB7QDxT1vkpuUBtqc53YyAwMwGeUFKRojY/NWKvdZ+9UYtRfGmhqNbRkTSVpMbmyhXipFFv2cb/A==}
    engines: {node: '>= 12'}

  data-uri-to-buffer@6.0.2:
    resolution: {integrity: sha512-7hvf7/GW8e86rW0ptuwS3OcBGDjIi6SZva7hCyWC0yYry2cOPmLIjXAUHI6DK2HsnwJd9ifmt57i8eV2n4YNpw==}
    engines: {node: '>= 14'}

  debug@4.3.7:
    resolution: {integrity: sha512-Er2nc/H7RrMXZBFCEim6TCmMk02Z8vLC2Rbi1KEBggpo0fS6l0S1nnapwmIi3yW/+GOJap1Krg4w0Hg80oCqgQ==}
    engines: {node: '>=6.0'}
    peerDependencies:
      supports-color: '*'
    peerDependenciesMeta:
      supports-color:
        optional: true

  degenerator@5.0.1:
    resolution: {integrity: sha512-TllpMR/t0M5sqCXfj85i4XaAzxmS5tVA16dqvdkMwGmzI+dXLXnw3J+3Vdv7VKw+ThlTMboK6i9rnZ6Nntj5CQ==}
    engines: {node: '>= 14'}

  delayed-stream@1.0.0:
    resolution: {integrity: sha512-ZySD7Nf91aLB0RxL4KGrKHBXl7Eds1DAmEdcoVawXnLD7SDhpNgtuII2aAkg7a7QS41jxPSZ17p4VdGnMHk3MQ==}
    engines: {node: '>=0.4.0'}

  depd@2.0.0:
    resolution: {integrity: sha512-g7nH6P6dyDioJogAAGprGpCtVImJhpPk/roCzdb3fIh61/s/nPsfR6onyMwkCAR/OlC3yBC0lESvUoQEAssIrw==}
    engines: {node: '>= 0.8'}

  devtools-protocol@0.0.1367902:
    resolution: {integrity: sha512-XxtPuC3PGakY6PD7dG66/o8KwJ/LkH2/EKe19Dcw58w53dv4/vSQEkn/SzuyhHE2q4zPgCkxQBxus3VV4ql+Pg==}

  eastasianwidth@0.2.0:
    resolution: {integrity: sha512-I88TYZWc9XiYHRQ4/3c5rjjfgkjhLyW2luGIheGERbNQ6OY7yTybanSpDXZa8y7VUP9YmDcYa+eyq4ca7iLqWA==}

  emoji-regex@8.0.0:
    resolution: {integrity: sha512-MSjYzcWNOA0ewAHpz0MxpYFvwg6yjy1NG3xteoqz644VCo/RPgnr1/GGt+ic3iJTzQ8Eu3TdM14SawnVUmGE6A==}

  emoji-regex@9.2.2:
    resolution: {integrity: sha512-L18DaJsXSUk2+42pv8mLs5jJT2hqFkFE4j21wOmgbUqsZ2hL72NsUU785g9RXgo3s0ZNgVl42TiHp3ZtOv/Vyg==}

  end-of-stream@1.4.4:
    resolution: {integrity: sha512-+uw1inIHVPQoaVuHzRyXd21icM+cnt4CzD5rW+NC1wjOUSTOs+Te7FOv7AhN7vS9x/oIyhLP5PR1H+phQAHu5Q==}

  env-paths@2.2.1:
    resolution: {integrity: sha512-+h1lkLKhZMTYjog1VEpJNG7NZJWcuc2DDk/qsqSTRRCOXiLjeQ1d1/udrUGhqMxUgAlwKNZ0cf2uqan5GLuS2A==}
    engines: {node: '>=6'}

  error-ex@1.3.2:
    resolution: {integrity: sha512-7dFHNmqeFSEt2ZBsCriorKnn3Z2pj+fd9kmI6QoWw4//DL+icEBfc0U7qJCisqrTsKTjw4fNFy2pW9OqStD84g==}

  esbuild@0.23.1:
    resolution: {integrity: sha512-VVNz/9Sa0bs5SELtn3f7qhJCDPCF5oMEl5cO9/SSinpE9hbPVvxbd572HH5AKiP7WD8INO53GgfDDhRjkylHEg==}
    engines: {node: '>=18'}
    hasBin: true

  escalade@3.2.0:
    resolution: {integrity: sha512-WUj2qlxaQtO4g6Pq5c29GTcWGDyd8itL8zTlipgECz3JesAiiOKotd8JU6otB3PACgG6xkJUyVhboMS+bje/jA==}
    engines: {node: '>=6'}

  escodegen@2.1.0:
    resolution: {integrity: sha512-2NlIDTwUWJN0mRPQOdtQBzbUHvdGY2P1VXSyU83Q3xKxM7WHX2Ql8dKq782Q9TgQUNOLEzEYu9bzLNj1q88I5w==}
    engines: {node: '>=6.0'}
    hasBin: true

  esprima@4.0.1:
    resolution: {integrity: sha512-eGuFFw7Upda+g4p+QHvnW0RyTX/SVeJBDM/gCtMARO0cLuT2HcEKnTPvhjV6aGeqrCB/sbNop0Kszm0jsaWU4A==}
    engines: {node: '>=4'}
    hasBin: true

  estraverse@5.3.0:
    resolution: {integrity: sha512-MMdARuVEQziNTeJD8DgMqmhwR11BRQ/cBP+pLtYdSTnf3MIO8fFeiINEbX36ZdNlfU/7A9f3gUw49B3oQsvwBA==}
    engines: {node: '>=4.0'}

  esutils@2.0.3:
    resolution: {integrity: sha512-kVscqXk4OCp68SZ0dkgEKVi6/8ij300KBWTJq32P/dYeWTSwK41WyTxalN1eRmA5Z9UU/LX9D7FWSmV9SAYx6g==}
    engines: {node: '>=0.10.0'}

  extract-zip@2.0.1:
    resolution: {integrity: sha512-GDhU9ntwuKyGXdZBUgTIe+vXnWj0fppUEtMDL0+idd5Sta8TGpHssn/eusA9mrPr9qNDym6SxAYZjNvCn/9RBg==}
    engines: {node: '>= 10.17.0'}
    hasBin: true

  fast-fifo@1.3.2:
    resolution: {integrity: sha512-/d9sfos4yxzpwkDkuN7k2SqFKtYNmCTzgfEpz82x34IM9/zc8KGxQoXg1liNC/izpRM/MBdt44Nmx41ZWqk+FQ==}

  fd-slicer@1.1.0:
    resolution: {integrity: sha512-cE1qsB/VwyQozZ+q1dGxR8LBYNZeofhEdUNGSMbQD3Gw2lAzX9Zb3uIU6Ebc/Fmyjo9AWWfnn0AUCHqtevs/8g==}

  fetch-blob@3.2.0:
    resolution: {integrity: sha512-7yAQpD2UMJzLi1Dqv7qFYnPbaPx7ZfFK6PiIxQ4PfkGPyNyl2Ugx+a/umUonmKqjhM4DnfbMvdX6otXq83soQQ==}
    engines: {node: ^12.20 || >= 14.13}

  foreground-child@3.3.0:
    resolution: {integrity: sha512-Ld2g8rrAyMYFXBhEqMz8ZAHBi4J4uS1i/CxGMDnjyFWddMXLVcDp051DZfu+t7+ab7Wv6SMqpWmyFIj5UbfFvg==}
    engines: {node: '>=14'}

  form-data@4.0.1:
    resolution: {integrity: sha512-tzN8e4TX8+kkxGPK8D5u0FNmjPUjw3lwC9lSLxxoB/+GtsJG91CO8bSWy73APlgAZzZbXEYZJuxjkHH2w+Ezhw==}
    engines: {node: '>= 6'}

  formdata-polyfill@4.0.10:
    resolution: {integrity: sha512-buewHzMvYL29jdeQTVILecSaZKnt/RJWjoZCF5OW60Z67/GmSLBkOFM7qh1PI3zFNtJbaZL5eQu1vLfazOwj4g==}
    engines: {node: '>=12.20.0'}

  fs-extra@11.2.0:
    resolution: {integrity: sha512-PmDi3uwK5nFuXh7XDTlVnS17xJS7vW36is2+w3xcv8SVxiB4NyATf4ctkVY5bkSjX0Y4nbvZCq1/EjtEyr9ktw==}
    engines: {node: '>=14.14'}

  fsevents@2.3.3:
    resolution: {integrity: sha512-5xoDfX+fL7faATnagmWPpbFtwh/R77WmMMqqHGS65C3vvB0YHrgF+B1YmZ3441tMj5n63k0212XNoJwzlhffQw==}
    engines: {node: ^8.16.0 || ^10.6.0 || >=11.0.0}
    os: [darwin]

  get-caller-file@2.0.5:
    resolution: {integrity: sha512-DyFP3BM/3YHTQOCUL/w0OZHR0lpKeGrxotcHWcqNEdnltqFwXVfhEBQ94eIo34AfQpo0rGki4cyIiftY06h2Fg==}
    engines: {node: 6.* || 8.* || >= 10.*}

  get-stream@5.2.0:
    resolution: {integrity: sha512-nBF+F1rAZVCu/p7rjzgA+Yb4lfYXrpl7a6VmJrU8wF9I1CKvP/QwPNZHnOlwbTkY6dvtFIzFMSyQXbLoTQPRpA==}
    engines: {node: '>=8'}

  get-tsconfig@4.8.1:
    resolution: {integrity: sha512-k9PN+cFBmaLWtVz29SkUoqU5O0slLuHJXt/2P+tMVFT+phsSGXGkp9t3rQIqdz0e+06EHNGs3oM6ZX1s2zHxRg==}

  get-uri@6.0.3:
    resolution: {integrity: sha512-BzUrJBS9EcUb4cFol8r4W3v1cPsSyajLSthNkz5BxbpDcHN5tIrM10E2eNvfnvBn3DaT3DUgx0OpsBKkaOpanw==}
    engines: {node: '>= 14'}

  glob@10.4.5:
    resolution: {integrity: sha512-7Bv8RF0k6xjo7d4A/PxYLbUCfb6c+Vpd2/mB2yRDlew7Jb5hEXiCD9ibfO7wpk8i4sevK6DFny9h7EYbM3/sHg==}
    hasBin: true

  graceful-fs@4.2.11:
    resolution: {integrity: sha512-RbJ5/jmFcNNCcDV5o9eTnBLJ/HszWV0P73bc+Ff4nS/rJj+YaS6IGyiOL0VoBYX+l1Wrl3k63h/KrH+nhJ0XvQ==}

  http-errors@2.0.0:
    resolution: {integrity: sha512-FtwrG/euBzaEjYeRqOgly7G0qviiXoJWnvEH2Z1plBdXgbyjv34pHTSb9zoeHMyDy33+DWy5Wt9Wo+TURtOYSQ==}
    engines: {node: '>= 0.8'}

  http-proxy-agent@7.0.2:
    resolution: {integrity: sha512-T1gkAiYYDWYx3V5Bmyu7HcfcvL7mUrTWiM6yOfa3PIphViJ/gFPbvidQ+veqSOHci/PxBcDabeUNCzpOODJZig==}
    engines: {node: '>= 14'}

  https-proxy-agent@7.0.5:
    resolution: {integrity: sha512-1e4Wqeblerz+tMKPIq2EMGiiWW1dIjZOksyHWSUm1rmuvw/how9hBHZ38lAGj5ID4Ik6EdkOw7NmWPy6LAwalw==}
    engines: {node: '>= 14'}

  iconv-lite@0.6.3:
    resolution: {integrity: sha512-4fCk79wshMdzMp2rH06qWrJE4iolqLhCUH+OiuIgU++RB0+94NlDL81atO7GX55uUKueo0txHNtvEyI6D7WdMw==}
    engines: {node: '>=0.10.0'}

  ieee754@1.2.1:
    resolution: {integrity: sha512-dcyqhDvX1C46lXZcVqCpK+FtMRQVdIMN6/Df5js2zouUsqG7I6sFxitIC+7KYK29KdXOLHdu9zL4sFnoVQnqaA==}

  import-fresh@3.3.0:
    resolution: {integrity: sha512-veYYhQa+D1QBKznvhUHxb8faxlrwUnxseDAbAp457E0wLNio2bOSKnjYDhMj+YiAq61xrMGhQk9iXVk5FzgQMw==}
    engines: {node: '>=6'}

  inherits@2.0.4:
    resolution: {integrity: sha512-k/vGaX4/Yla3WzyMCvTQOXYeIHvqOKtnqBduzTHpzpQZzAskKMhZ2K+EnBiSM9zGSoIFeMpXKxa4dYeZIQqewQ==}

  ip-address@9.0.5:
    resolution: {integrity: sha512-zHtQzGojZXTwZTHQqra+ETKd4Sn3vgi7uBmlPoXVWZqYvuKmtI0l/VZTjqGmJY9x88GGOaZ9+G9ES8hC4T4X8g==}
    engines: {node: '>= 12'}

  is-arrayish@0.2.1:
    resolution: {integrity: sha512-zz06S8t0ozoDXMG+ube26zeCTNXcKIPJZJi8hBrF4idCLms4CG9QtK7qBl1boi5ODzFpjswb5JPmHCbMpjaYzg==}

  is-fullwidth-code-point@3.0.0:
    resolution: {integrity: sha512-zymm5+u+sCsSWyD9qNaejV3DFvhCKclKdizYaJUuHA83RLjb7nSuGnddCHGv0hk+KY7BMAlsWeK4Ueg6EV6XQg==}
    engines: {node: '>=8'}

  isexe@2.0.0:
    resolution: {integrity: sha512-RHxMLp9lnKHGHRng9QFhRCMbYAcVpn69smSGcq3f36xjgVVWThj4qqLbTLlq7Ssj8B+fIQ1EuCEGI2lKsyQeIw==}

  jackspeak@3.4.3:
    resolution: {integrity: sha512-OGlZQpz2yfahA/Rd1Y8Cd9SIEsqvXkLVoSw/cgwhnhFMDbsQFeZYoJJ7bIZBS9BcamUW96asq/npPWugM+RQBw==}

  js-tokens@4.0.0:
    resolution: {integrity: sha512-RdJUflcE3cUzKiMqQgsCu06FPu9UdIJO0beYbPhHN4k6apgJtifcoCtT9bcxOpYBtpD2kCM6Sbzg4CausW/PKQ==}

  js-yaml@4.1.0:
    resolution: {integrity: sha512-wpxZs9NoxZaJESJGIZTyDEaYpl0FKSA+FB9aJiyemKhMwkxQg63h4T1KJgUGHpTqPDNRcmmYLugrRjJlBtWvRA==}
    hasBin: true

  jsbn@1.1.0:
    resolution: {integrity: sha512-4bYVV3aAMtDTTu4+xsDYa6sy9GyJ69/amsu9sYF2zqjiEoZA5xJi3BrfX3uY+/IekIu7MwdObdbDWpoZdBv3/A==}

  json-parse-even-better-errors@2.3.1:
    resolution: {integrity: sha512-xyFwyhro/JEof6Ghe2iz2NcXoj2sloNsWr/XsERDK/oiPCfaNhl5ONfp+jQdAZRQQ0IJWNzH9zIZF7li91kh2w==}

  jsonfile@6.1.0:
    resolution: {integrity: sha512-5dgndWOriYSm5cnYaJNhalLNDKOqFwyDB/rr1E9ZsGciGvKPs8R2xYGCacuf3z6K1YKDz182fd+fY3cn3pMqXQ==}

  lines-and-columns@1.2.4:
    resolution: {integrity: sha512-7ylylesZQ/PV29jhEDl3Ufjo6ZX7gCqJr5F7PKrqc93v7fzSymt1BpwEU8nAUXs8qzzvqhbjhK5QZg6Mt/HkBg==}

  lru-cache@10.4.3:
    resolution: {integrity: sha512-JNAzZcXrCt42VGLuYz0zfAzDfAvJWW6AfYlDBQyDV5DClI2m5sAmK+OIO7s59XfsRsWHp02jAJrRadPRGTt6SQ==}

  lru-cache@7.18.3:
    resolution: {integrity: sha512-jumlc0BIUrS3qJGgIkWZsyfAM7NCWiBcCDhnd+3NNM5KbBmLTgHVfWBcg6W+rLUsIpzpERPsvwUP7CckAQSOoA==}
    engines: {node: '>=12'}

  mime-db@1.52.0:
    resolution: {integrity: sha512-sPU4uV7dYlvtWJxwwxHD0PuihVNiE7TyAbQ5SWxDCB9mUYvOgroQOwYQQOKPJ8CIbE+1ETVlOoK1UC2nU3gYvg==}
    engines: {node: '>= 0.6'}

  mime-types@2.1.35:
    resolution: {integrity: sha512-ZDY+bPm5zTTF+YpCrAU9nK0UgICYPT0QtT1NZWFv4s++TNkcgVaT0g6+4R2uI4MjQjzysHB1zxuWL50hzaeXiw==}
    engines: {node: '>= 0.6'}

  minimatch@9.0.5:
    resolution: {integrity: sha512-G6T0ZX48xgozx7587koeX9Ys2NYy6Gmv//P89sEte9V9whIapMNF4idKxnW2QtCcLiTWlb/wfCabAtAFWhhBow==}
    engines: {node: '>=16 || 14 >=14.17'}

  minipass@7.1.2:
    resolution: {integrity: sha512-qOOzS1cBTWYF4BH8fVePDBOO9iptMnGUEZwNc/cMWnTV2nVLZ7VoNWEPHkYczZA0pdoA7dl6e7FL659nX9S2aw==}
    engines: {node: '>=16 || 14 >=14.17'}

  mitt@3.0.1:
    resolution: {integrity: sha512-vKivATfr97l2/QBCYAkXYDbrIWPM2IIKEl7YPhjCvKlG3kE2gm+uBo6nEXK3M5/Ffh/FLpKExzOQ3JJoJGFKBw==}

  ms@2.1.3:
    resolution: {integrity: sha512-6FlzubTLZG3J2a/NVCAleEhjzq5oxgHyaCU9yYXvcLsvoVaHJq/s5xXI6/XXP6tz7R9xAOtHnSO/tXtF3WRTlA==}

  netmask@2.0.2:
    resolution: {integrity: sha512-dBpDMdxv9Irdq66304OLfEmQ9tbNRFnFTuZiLo+bD+r332bBmMJ8GBLXklIXXgxd3+v9+KUnZaUR5PJMa75Gsg==}
    engines: {node: '>= 0.4.0'}

  node-domexception@1.0.0:
    resolution: {integrity: sha512-/jKZoMpw0F8GRwl4/eLROPA3cfcXtLApP0QzLmUT/HuPCZWyB7IY9ZrMeKw2O/nFIqPQB3PVM9aYm0F312AXDQ==}
    engines: {node: '>=10.5.0'}

  node-fetch@3.3.2:
    resolution: {integrity: sha512-dRB78srN/l6gqWulah9SrxeYnxeddIG30+GOqK/9OlLVyLg3HPnr6SqOWTWOXKRwC2eGYCkZ59NNuSgvSrpgOA==}
    engines: {node: ^12.20.0 || ^14.13.1 || >=16.0.0}

  once@1.4.0:
    resolution: {integrity: sha512-lNaJgI+2Q5URQBkccEKHTQOPaXdUxnZZElQTZY0MFUAuaEqe1E+Nyvgdz/aIyNi6Z9MzO5dv1H8n58/GELp3+w==}

  pac-proxy-agent@7.0.2:
    resolution: {integrity: sha512-BFi3vZnO9X5Qt6NRz7ZOaPja3ic0PhlsmCRYLOpN11+mWBCR6XJDqW5RF3j8jm4WGGQZtBA+bTfxYzeKW73eHg==}
    engines: {node: '>= 14'}

  pac-resolver@7.0.1:
    resolution: {integrity: sha512-5NPgf87AT2STgwa2ntRMr45jTKrYBGkVU36yT0ig/n/GMAa3oPqhZfIQ2kMEimReg0+t9kZViDVZ83qfVUlckg==}
    engines: {node: '>= 14'}

  package-json-from-dist@1.0.1:
    resolution: {integrity: sha512-UEZIS3/by4OC8vL3P2dTXRETpebLI2NiI5vIrjaD/5UtrkFX/tNbwjTSRAGC/+7CAo2pIcBaRgWmcBBHcsaCIw==}

  parent-module@1.0.1:
    resolution: {integrity: sha512-GQ2EWRpQV8/o+Aw8YqtfZZPfNRWZYkbidE9k5rpl/hC3vtHHBfGm2Ifi6qWV+coDGkrUKZAxE3Lot5kcsRlh+g==}
    engines: {node: '>=6'}

  parse-json@5.2.0:
    resolution: {integrity: sha512-ayCKvm/phCGxOkYRSCM82iDwct8/EonSEgCSxWxD7ve6jHggsFl4fZVQBPRNgQoKiuV/odhFrGzQXZwbifC8Rg==}
    engines: {node: '>=8'}

  path-key@3.1.1:
    resolution: {integrity: sha512-ojmeN0qd+y0jszEtoY48r0Peq5dwMEkIlCOu6Q5f41lfkswXuKtYrhgoTpLnyIcHm24Uhqx+5Tqm2InSwLhE6Q==}
    engines: {node: '>=8'}

  path-scurry@1.11.1:
    resolution: {integrity: sha512-Xa4Nw17FS9ApQFJ9umLiJS4orGjm7ZzwUrwamcGQuHSzDyth9boKDaycYdDcZDuqYATXw4HFXgaqWTctW/v1HA==}
    engines: {node: '>=16 || 14 >=14.18'}

  pend@1.2.0:
    resolution: {integrity: sha512-F3asv42UuXchdzt+xXqfW1OGlVBe+mxa2mqI0pg5yAHZPvFmY3Y6drSf/GQ1A86WgWEN9Kzh/WrgKa6iGcHXLg==}

  picocolors@1.1.1:
    resolution: {integrity: sha512-xceH2snhtb5M9liqDsmEw56le376mTZkEX/jEb/RxNFyegNul7eNslCXP9FDj/Lcu0X8KEyMceP2ntpaHrDEVA==}

  progress@2.0.3:
    resolution: {integrity: sha512-7PiHtLll5LdnKIMw100I+8xJXR5gW2QwWYkT6iJva0bXitZKa/XMrSbdmg3r2Xnaidz9Qumd0VPaMrZlF9V9sA==}
    engines: {node: '>=0.4.0'}

  proxy-agent@6.4.0:
    resolution: {integrity: sha512-u0piLU+nCOHMgGjRbimiXmA9kM/L9EHh3zL81xCdp7m+Y2pHIsnmbdDoEDoAz5geaonNR6q6+yOPQs6n4T6sBQ==}
    engines: {node: '>= 14'}

  proxy-from-env@1.1.0:
    resolution: {integrity: sha512-D+zkORCbA9f1tdWRK0RaCR3GPv50cMxcrz4X8k5LTSUD1Dkw47mKJEZQNunItRTkWwgtaUSo1RVFRIG9ZXiFYg==}

  pump@3.0.2:
    resolution: {integrity: sha512-tUPXtzlGM8FE3P0ZL6DVs/3P58k9nk8/jZeQCurTJylQA8qFYzHFfhBJkuqyE0FifOsQ0uKWekiZ5g8wtr28cw==}

  puppeteer-core@23.9.0:
    resolution: {integrity: sha512-hLVrav2HYMVdK0YILtfJwtnkBAwNOztUdR4aJ5YKDvgsbtagNr6urUJk9HyjRA9e+PaLI3jzJ0wM7A4jSZ7Qxw==}
    engines: {node: '>=18'}

  puppeteer@23.9.0:
    resolution: {integrity: sha512-WfB8jGwFV+qrD9dcJJVvWPFJBU6kxeu2wxJz9WooDGfM3vIiKLgzImEDBxUQnCBK/2cXB3d4dV6gs/LLpgfLDg==}
    engines: {node: '>=18'}
    hasBin: true

  queue-tick@1.0.1:
    resolution: {integrity: sha512-kJt5qhMxoszgU/62PLP1CJytzd2NKetjSRnyuj31fDd3Rlcz3fzlFdFLD1SItunPwyqEOkca6GbV612BWfaBag==}

  raw-body@3.0.0:
    resolution: {integrity: sha512-RmkhL8CAyCRPXCE28MMH0z2PNWQBNk2Q09ZdxM9IOOXwxwZbN+qbWaatPkdkWIKL2ZVDImrN/pK5HTRz2PcS4g==}
    engines: {node: '>= 0.8'}

  require-directory@2.1.1:
    resolution: {integrity: sha512-fGxEI7+wsG9xrvdjsrlmL22OMTTiHRwAMroiEeMgq8gzoLC/PQr7RsRDSTLUg/bZAZtF+TVIkHc6/4RIKrui+Q==}
    engines: {node: '>=0.10.0'}

  resolve-from@4.0.0:
    resolution: {integrity: sha512-pb/MYmXstAkysRFx8piNI1tGFNQIFA3vkE3Gq4EuA1dF6gHp/+vgZqsCGJapvy8N3Q+4o7FwvquPJcnZ7RYy4g==}
    engines: {node: '>=4'}

  resolve-pkg-maps@1.0.0:
    resolution: {integrity: sha512-seS2Tj26TBVOC2NIc2rOe2y2ZO7efxITtLZcGSOnHHNOQ7CkiUBfw0Iw2ck6xkIhPwLhKNLS8BO+hEpngQlqzw==}

  safer-buffer@2.1.2:
    resolution: {integrity: sha512-YZo3K82SD7Riyi0E1EQPojLz7kpepnSQI9IyPbHHg1XXXevb5dJI7tpyN2ADxGcQbHG7vcyRHk0cbwqcQriUtg==}

  semver@7.6.3:
    resolution: {integrity: sha512-oVekP1cKtI+CTDvHWYFUcMtsK/00wmAEfyqKfNdARm8u1wNVhSgaX7A8d4UuIlUI5e84iEwOhs7ZPYRmzU9U6A==}
    engines: {node: '>=10'}
    hasBin: true

  setprototypeof@1.2.0:
    resolution: {integrity: sha512-E5LDX7Wrp85Kil5bhZv46j8jOeboKq5JMmYM3gVGdGH8xFpPWXUMsNrlODCrkoxMEeNi/XZIwuRvY4XNwYMJpw==}

  shebang-command@2.0.0:
    resolution: {integrity: sha512-kHxr2zZpYtdmrN1qDjrrX/Z1rR1kG8Dx+gkpK1G4eXmvXswmcE1hTWBWYUzlraYw1/yZp6YuDY77YtvbN0dmDA==}
    engines: {node: '>=8'}

  shebang-regex@3.0.0:
    resolution: {integrity: sha512-7++dFhtcx3353uBaq8DDR4NuxBetBzC7ZQOhmTQInHEd6bSrXdiEyzCvG07Z44UYdLShWUyXt5M/yhz8ekcb1A==}
    engines: {node: '>=8'}

  signal-exit@4.1.0:
    resolution: {integrity: sha512-bzyZ1e88w9O1iNJbKnOlvYTrWPDl46O1bG0D3XInv+9tkPrxrN8jUUTiFlDkkmKWgn1M6CfIA13SuGqOa9Korw==}
    engines: {node: '>=14'}

  smart-buffer@4.2.0:
    resolution: {integrity: sha512-94hK0Hh8rPqQl2xXc3HsaBoOXKV20MToPkcXvwbISWLEs+64sBq5kFgn2kJDHb1Pry9yrP0dxrCI9RRci7RXKg==}
    engines: {node: '>= 6.0.0', npm: '>= 3.0.0'}

  socks-proxy-agent@8.0.4:
    resolution: {integrity: sha512-GNAq/eg8Udq2x0eNiFkr9gRg5bA7PXEWagQdeRX4cPSG+X/8V38v637gim9bjFptMk1QWsCTr0ttrJEiXbNnRw==}
    engines: {node: '>= 14'}

  socks@2.8.3:
    resolution: {integrity: sha512-l5x7VUUWbjVFbafGLxPWkYsHIhEvmF85tbIeFZWc8ZPtoMyybuEhL7Jye/ooC4/d48FgOjSJXgsF/AJPYCW8Zw==}
    engines: {node: '>= 10.0.0', npm: '>= 3.0.0'}

  source-map@0.6.1:
    resolution: {integrity: sha512-UjgapumWlbMhkBgzT7Ykc5YXUT46F0iKu8SGXq0bcwP5dz/h0Plj6enJqjz1Zbq2l5WaqYnrVbwWOWMyF3F47g==}
    engines: {node: '>=0.10.0'}

  sprintf-js@1.1.3:
    resolution: {integrity: sha512-Oo+0REFV59/rz3gfJNKQiBlwfHaSESl1pcGyABQsnnIfWOFt6JNj5gCog2U6MLZ//IGYD+nA8nI+mTShREReaA==}

  statuses@2.0.1:
    resolution: {integrity: sha512-RwNA9Z/7PrK06rYLIzFMlaF+l73iwpzsqRIFgbMLbTcLD6cOao82TaWefPXQvB2fOC4AjuYSEndS7N/mTCbkdQ==}
    engines: {node: '>= 0.8'}

  streamx@2.20.2:
    resolution: {integrity: sha512-aDGDLU+j9tJcUdPGOaHmVF1u/hhI+CsGkT02V3OKlHDV7IukOI+nTWAGkiZEKCO35rWN1wIr4tS7YFr1f4qSvA==}

  string-width@4.2.3:
    resolution: {integrity: sha512-wKyQRQpjJ0sIp62ErSZdGsjMJWsap5oRNihHhu6G7JVO/9jIB6UyevL+tXuOqrng8j/cxKTWyWUwvSTriiZz/g==}
    engines: {node: '>=8'}

  string-width@5.1.2:
    resolution: {integrity: sha512-HnLOCR3vjcY8beoNLtcjZ5/nxn2afmME6lhrDrebokqMap+XbeW8n9TXpPDOqdGK5qcI3oT0GKTW6wC7EMiVqA==}
    engines: {node: '>=12'}

  strip-ansi@6.0.1:
    resolution: {integrity: sha512-Y38VPSHcqkFrCpFnQ9vuSXmquuv5oXOKpGeT6aGrr3o3Gc9AlVa6JBfUSOCnbxGGZF+/0ooI7KrPuUSztUdU5A==}
    engines: {node: '>=8'}

  strip-ansi@7.1.0:
    resolution: {integrity: sha512-iq6eVVI64nQQTRYq2KtEg2d2uU7LElhTJwsH4YzIHZshxlgZms/wIc4VoDQTlG/IvVIrBKG06CrZnp0qv7hkcQ==}
    engines: {node: '>=12'}

  tar-fs@3.0.6:
    resolution: {integrity: sha512-iokBDQQkUyeXhgPYaZxmczGPhnhXZ0CmrqI+MOb/WFGS9DW5wnfrLgtjUJBvz50vQ3qfRwJ62QVoCFu8mPVu5w==}

  tar-stream@3.1.7:
    resolution: {integrity: sha512-qJj60CXt7IU1Ffyc3NJMjh6EkuCFej46zUqJ4J7pqYlThyd9bO0XBTmcOIhSzZJVWfsLks0+nle/j538YAW9RQ==}

  text-decoder@1.2.1:
    resolution: {integrity: sha512-x9v3H/lTKIJKQQe7RPQkLfKAnc9lUTkWDypIQgTzPJAq+5/GCDHonmshfvlsNSj58yyshbIJJDLmU15qNERrXQ==}

  through@2.3.8:
    resolution: {integrity: sha512-w89qg7PI8wAdvX60bMDP+bFoD5Dvhm9oLheFp5O4a2QF0cSBGsBX4qZmadPMvVqlLJBBci+WqGGOAPvcDeNSVg==}

  toidentifier@1.0.1:
    resolution: {integrity: sha512-o5sSPKEkg/DIQNmH43V0/uerLrpzVedkUh8tGNvaeXpfpuwjKenlSox/2O/BTlZUtEe+JG7s5YhEz608PlAHRA==}
    engines: {node: '>=0.6'}

  tslib@2.8.1:
    resolution: {integrity: sha512-oJFu94HQb+KVduSUQL7wnpmqnfmLsOA/nAh6b6EH0wCEoK0/mPeXU6c3wKDV83MkOuHPRHtSXKKU99IBazS/2w==}

  tsx@4.19.2:
    resolution: {integrity: sha512-pOUl6Vo2LUq/bSa8S5q7b91cgNSjctn9ugq/+Mvow99qW6x/UZYwzxy/3NmqoT66eHYfCVvFvACC58UBPFf28g==}
    engines: {node: '>=18.0.0'}
    hasBin: true

  typed-query-selector@2.12.0:
    resolution: {integrity: sha512-SbklCd1F0EiZOyPiW192rrHZzZ5sBijB6xM+cpmrwDqObvdtunOHHIk9fCGsoK5JVIYXoyEp4iEdE3upFH3PAg==}

  unbzip2-stream@1.4.3:
    resolution: {integrity: sha512-mlExGW4w71ebDJviH16lQLtZS32VKqsSfk80GCfUlwT/4/hNRFsoscrF/c++9xinkMzECL1uL9DDwXqFWkruPg==}

  undici-types@6.19.8:
    resolution: {integrity: sha512-ve2KP6f/JnbPBFyobGHuerC9g1FYGn/F8n1LWTwNxCEzd6IfqTwUQcNXgEtmmQ6DlRrC1hrSrBnCZPokRrDHjw==}

  universalify@2.0.1:
    resolution: {integrity: sha512-gptHNQghINnc/vTGIk0SOFGFNXw7JVrlRUtConJRlvaw6DuX0wO5Jeko9sWrMBhh+PsYAZ7oXAiOnf/UKogyiw==}
    engines: {node: '>= 10.0.0'}

  unpipe@1.0.0:
    resolution: {integrity: sha512-pjy2bYhSsufwWlKwPc+l3cN7+wuJlK6uz0YdJEOlQDbl6jo/YlPi4mb8agUkVC8BF7V8NuzeyPNqRksA3hztKQ==}
    engines: {node: '>= 0.8'}

  urlpattern-polyfill@10.0.0:
    resolution: {integrity: sha512-H/A06tKD7sS1O1X2SshBVeA5FLycRpjqiBeqGKmBwBDBy28EnRjORxTNe269KSSr5un5qyWi1iL61wLxpd+ZOg==}

  web-streams-polyfill@3.3.3:
    resolution: {integrity: sha512-d2JWLCivmZYTSIoge9MsgFCZrt571BikcWGYkjC1khllbTeDlGqZ2D8vD8E/lJa8WGWbb7Plm8/XJYV7IJHZZw==}
    engines: {node: '>= 8'}

  which@2.0.2:
    resolution: {integrity: sha512-BLI3Tl1TW3Pvl70l3yq3Y64i+awpwXqsGBYWkkqMtnbXgrMD+yj7rhW0kuEDxzJaYXGjEW5ogapKNMEKNMjibA==}
    engines: {node: '>= 8'}
    hasBin: true

  wrap-ansi@7.0.0:
    resolution: {integrity: sha512-YVGIj2kamLSTxw6NsZjoBxfSwsn0ycdesmc4p+Q21c5zPuZ1pl+NfxVdxPtdHvmNVOQ6XSYG4AUtyt/Fi7D16Q==}
    engines: {node: '>=10'}

  wrap-ansi@8.1.0:
    resolution: {integrity: sha512-si7QWI6zUMq56bESFvagtmzMdGOtoxfR+Sez11Mobfc7tm+VkUckk9bW2UeffTGVUbOksxmSw0AA2gs8g71NCQ==}
    engines: {node: '>=12'}

  wrappy@1.0.2:
    resolution: {integrity: sha512-l4Sp/DRseor9wL6EvV2+TuQn63dMkPjZ/sp9XkghTEbV9KlPS1xUsZ3u7/IQO4wxtcFB4bgpQPRcR3QCvezPcQ==}

  ws@8.18.0:
    resolution: {integrity: sha512-8VbfWfHLbbwu3+N6OKsOMpBdT4kXPDDB9cJk2bJ6mh9ucxdlnNvH1e+roYkKmN9Nxw2yjz7VzeO9oOz2zJ04Pw==}
    engines: {node: '>=10.0.0'}
    peerDependencies:
      bufferutil: ^4.0.1
      utf-8-validate: '>=5.0.2'
    peerDependenciesMeta:
      bufferutil:
        optional: true
      utf-8-validate:
        optional: true

  y18n@5.0.8:
    resolution: {integrity: sha512-0pfFzegeDWJHJIAmTLRP2DwHjdF5s7jo9tuztdQxAhINCdvS+3nGINqPd00AphqJR/0LhANUS6/+7SCb98YOfA==}
    engines: {node: '>=10'}

  yargs-parser@21.1.1:
    resolution: {integrity: sha512-tVpsJW7DdjecAiFpbIB1e3qxIQsE6NoPc5/eTdrbbIC4h0LVsWhnoa3g+m2HclBIujHzsxZ4VJVA+GUuc2/LBw==}
    engines: {node: '>=12'}

  yargs@17.7.2:
    resolution: {integrity: sha512-7dSzzRQ++CKnNI/krKnYRV7JKKPUXMEh61soaHKg9mrWEhzFWhFnxPxGl+69cD1Ou63C13NUPCnmIcrvqCuM6w==}
    engines: {node: '>=12'}

  yauzl@2.10.0:
    resolution: {integrity: sha512-p4a9I6X6nu6IhoGmBqAcbJy1mlC4j27vEPZX9F4L4/vZT3Lyq1VkFHw/V/PUcB9Buo+DG3iHkT0x3Qya58zc3g==}

  zod-to-json-schema@3.23.5:
    resolution: {integrity: sha512-5wlSS0bXfF/BrL4jPAbz9da5hDlDptdEppYfe+x4eIJ7jioqKG9uUxOwPzqof09u/XeVdrgFu29lZi+8XNDJtA==}
    peerDependencies:
      zod: ^3.23.3

  zod@3.23.8:
    resolution: {integrity: sha512-XBx9AXhXktjUqnepgTiE5flcKIYWi/rme0Eaj+5Y0lftuGBq+jyRu/md4WnuxqgP1ubdpNCsYEYPxrzVHD8d6g==}

snapshots:

  '@babel/code-frame@7.26.2':
    dependencies:
      '@babel/helper-validator-identifier': 7.25.9
      js-tokens: 4.0.0
      picocolors: 1.1.1

  '@babel/helper-validator-identifier@7.25.9': {}

  '@esbuild/aix-ppc64@0.23.1':
    optional: true

  '@esbuild/android-arm64@0.23.1':
    optional: true

  '@esbuild/android-arm@0.23.1':
    optional: true

  '@esbuild/android-x64@0.23.1':
    optional: true

  '@esbuild/darwin-arm64@0.23.1':
    optional: true

  '@esbuild/darwin-x64@0.23.1':
    optional: true

  '@esbuild/freebsd-arm64@0.23.1':
    optional: true

  '@esbuild/freebsd-x64@0.23.1':
    optional: true

  '@esbuild/linux-arm64@0.23.1':
    optional: true

  '@esbuild/linux-arm@0.23.1':
    optional: true

  '@esbuild/linux-ia32@0.23.1':
    optional: true

  '@esbuild/linux-loong64@0.23.1':
    optional: true

  '@esbuild/linux-mips64el@0.23.1':
    optional: true

  '@esbuild/linux-ppc64@0.23.1':
    optional: true

  '@esbuild/linux-riscv64@0.23.1':
    optional: true

  '@esbuild/linux-s390x@0.23.1':
    optional: true

  '@esbuild/linux-x64@0.23.1':
    optional: true

  '@esbuild/netbsd-x64@0.23.1':
    optional: true

  '@esbuild/openbsd-arm64@0.23.1':
    optional: true

  '@esbuild/openbsd-x64@0.23.1':
    optional: true

  '@esbuild/sunos-x64@0.23.1':
    optional: true

  '@esbuild/win32-arm64@0.23.1':
    optional: true

  '@esbuild/win32-ia32@0.23.1':
    optional: true

  '@esbuild/win32-x64@0.23.1':
    optional: true

  '@isaacs/cliui@8.0.2':
    dependencies:
      string-width: 5.1.2
      string-width-cjs: string-width@4.2.3
      strip-ansi: 7.1.0
      strip-ansi-cjs: strip-ansi@6.0.1
      wrap-ansi: 8.1.0
      wrap-ansi-cjs: wrap-ansi@7.0.0

  '@modelcontextprotocol/sdk@0.5.0':
    dependencies:
      content-type: 1.0.5
      raw-body: 3.0.0
      zod: 3.23.8

  '@modelcontextprotocol/sdk@0.6.0':
    dependencies:
      content-type: 1.0.5
      raw-body: 3.0.0
      zod: 3.23.8

  '@modelcontextprotocol/server-filesystem@0.5.1(zod@3.23.8)':
    dependencies:
      '@modelcontextprotocol/sdk': 0.5.0
      glob: 10.4.5
      zod-to-json-schema: 3.23.5(zod@3.23.8)
    transitivePeerDependencies:
      - zod

  '@modelcontextprotocol/server-github@0.5.1(zod@3.23.8)':
    dependencies:
      '@modelcontextprotocol/sdk': 0.6.0
      '@types/node-fetch': 2.6.12
      node-fetch: 3.3.2
      zod-to-json-schema: 3.23.5(zod@3.23.8)
    transitivePeerDependencies:
      - zod

  '@modelcontextprotocol/server-puppeteer@0.5.1':
    dependencies:
      '@modelcontextprotocol/sdk': 0.5.0
      puppeteer: 23.9.0
    transitivePeerDependencies:
      - bufferutil
      - supports-color
      - typescript
      - utf-8-validate

  '@pkgjs/parseargs@0.11.0':
    optional: true

  '@puppeteer/browsers@2.4.1':
    dependencies:
      debug: 4.3.7
      extract-zip: 2.0.1
      progress: 2.0.3
      proxy-agent: 6.4.0
      semver: 7.6.3
      tar-fs: 3.0.6
      unbzip2-stream: 1.4.3
      yargs: 17.7.2
    transitivePeerDependencies:
      - supports-color

  '@tootallnate/quickjs-emscripten@0.23.0': {}

  '@types/node-fetch@2.6.12':
    dependencies:
      '@types/node': 22.9.4
      form-data: 4.0.1

  '@types/node@22.9.4':
    dependencies:
      undici-types: 6.19.8

  '@types/yauzl@2.10.3':
    dependencies:
      '@types/node': 22.9.4
    optional: true

  agent-base@7.1.1:
    dependencies:
      debug: 4.3.7
    transitivePeerDependencies:
      - supports-color

  ansi-regex@5.0.1: {}

  ansi-regex@6.1.0: {}

  ansi-styles@4.3.0:
    dependencies:
      color-convert: 2.0.1

  ansi-styles@6.2.1: {}

  argparse@2.0.1: {}

  ast-types@0.13.4:
    dependencies:
      tslib: 2.8.1

  asynckit@0.4.0: {}

  b4a@1.6.7: {}

  balanced-match@1.0.2: {}

  bare-events@2.5.0:
    optional: true

  bare-fs@2.3.5:
    dependencies:
      bare-events: 2.5.0
      bare-path: 2.1.3
      bare-stream: 2.4.2
    optional: true

  bare-os@2.4.4:
    optional: true

  bare-path@2.1.3:
    dependencies:
      bare-os: 2.4.4
    optional: true

  bare-stream@2.4.2:
    dependencies:
      streamx: 2.20.2
    optional: true

  base64-js@1.5.1: {}

  basic-ftp@5.0.5: {}

  brace-expansion@2.0.1:
    dependencies:
      balanced-match: 1.0.2

  buffer-crc32@0.2.13: {}

  buffer@5.7.1:
    dependencies:
      base64-js: 1.5.1
      ieee754: 1.2.1

  bytes@3.1.2: {}

  callsites@3.1.0: {}

  chromium-bidi@0.8.0(devtools-protocol@0.0.1367902):
    dependencies:
      devtools-protocol: 0.0.1367902
      mitt: 3.0.1
      urlpattern-polyfill: 10.0.0
      zod: 3.23.8

  cliui@8.0.1:
    dependencies:
      string-width: 4.2.3
      strip-ansi: 6.0.1
      wrap-ansi: 7.0.0

  color-convert@2.0.1:
    dependencies:
      color-name: 1.1.4

  color-name@1.1.4: {}

  combined-stream@1.0.8:
    dependencies:
      delayed-stream: 1.0.0

  content-type@1.0.5: {}

  cosmiconfig@9.0.0:
    dependencies:
      env-paths: 2.2.1
      import-fresh: 3.3.0
      js-yaml: 4.1.0
      parse-json: 5.2.0

  cross-spawn@7.0.6:
    dependencies:
      path-key: 3.1.1
      shebang-command: 2.0.0
      which: 2.0.2

  data-uri-to-buffer@4.0.1: {}

  data-uri-to-buffer@6.0.2: {}

  debug@4.3.7:
    dependencies:
      ms: 2.1.3

  degenerator@5.0.1:
    dependencies:
      ast-types: 0.13.4
      escodegen: 2.1.0
      esprima: 4.0.1

  delayed-stream@1.0.0: {}

  depd@2.0.0: {}

  devtools-protocol@0.0.1367902: {}

  eastasianwidth@0.2.0: {}

  emoji-regex@8.0.0: {}

  emoji-regex@9.2.2: {}

  end-of-stream@1.4.4:
    dependencies:
      once: 1.4.0

  env-paths@2.2.1: {}

  error-ex@1.3.2:
    dependencies:
      is-arrayish: 0.2.1

  esbuild@0.23.1:
    optionalDependencies:
      '@esbuild/aix-ppc64': 0.23.1
      '@esbuild/android-arm': 0.23.1
      '@esbuild/android-arm64': 0.23.1
      '@esbuild/android-x64': 0.23.1
      '@esbuild/darwin-arm64': 0.23.1
      '@esbuild/darwin-x64': 0.23.1
      '@esbuild/freebsd-arm64': 0.23.1
      '@esbuild/freebsd-x64': 0.23.1
      '@esbuild/linux-arm': 0.23.1
      '@esbuild/linux-arm64': 0.23.1
      '@esbuild/linux-ia32': 0.23.1
      '@esbuild/linux-loong64': 0.23.1
      '@esbuild/linux-mips64el': 0.23.1
      '@esbuild/linux-ppc64': 0.23.1
      '@esbuild/linux-riscv64': 0.23.1
      '@esbuild/linux-s390x': 0.23.1
      '@esbuild/linux-x64': 0.23.1
      '@esbuild/netbsd-x64': 0.23.1
      '@esbuild/openbsd-arm64': 0.23.1
      '@esbuild/openbsd-x64': 0.23.1
      '@esbuild/sunos-x64': 0.23.1
      '@esbuild/win32-arm64': 0.23.1
      '@esbuild/win32-ia32': 0.23.1
      '@esbuild/win32-x64': 0.23.1

  escalade@3.2.0: {}

  escodegen@2.1.0:
    dependencies:
      esprima: 4.0.1
      estraverse: 5.3.0
      esutils: 2.0.3
    optionalDependencies:
      source-map: 0.6.1

  esprima@4.0.1: {}

  estraverse@5.3.0: {}

  esutils@2.0.3: {}

  extract-zip@2.0.1:
    dependencies:
      debug: 4.3.7
      get-stream: 5.2.0
      yauzl: 2.10.0
    optionalDependencies:
      '@types/yauzl': 2.10.3
    transitivePeerDependencies:
      - supports-color

  fast-fifo@1.3.2: {}

  fd-slicer@1.1.0:
    dependencies:
      pend: 1.2.0

  fetch-blob@3.2.0:
    dependencies:
      node-domexception: 1.0.0
      web-streams-polyfill: 3.3.3

  foreground-child@3.3.0:
    dependencies:
      cross-spawn: 7.0.6
      signal-exit: 4.1.0

  form-data@4.0.1:
    dependencies:
      asynckit: 0.4.0
      combined-stream: 1.0.8
      mime-types: 2.1.35

  formdata-polyfill@4.0.10:
    dependencies:
      fetch-blob: 3.2.0

  fs-extra@11.2.0:
    dependencies:
      graceful-fs: 4.2.11
      jsonfile: 6.1.0
      universalify: 2.0.1

  fsevents@2.3.3:
    optional: true

  get-caller-file@2.0.5: {}

  get-stream@5.2.0:
    dependencies:
      pump: 3.0.2

  get-tsconfig@4.8.1:
    dependencies:
      resolve-pkg-maps: 1.0.0

  get-uri@6.0.3:
    dependencies:
      basic-ftp: 5.0.5
      data-uri-to-buffer: 6.0.2
      debug: 4.3.7
      fs-extra: 11.2.0
    transitivePeerDependencies:
      - supports-color

  glob@10.4.5:
    dependencies:
      foreground-child: 3.3.0
      jackspeak: 3.4.3
      minimatch: 9.0.5
      minipass: 7.1.2
      package-json-from-dist: 1.0.1
      path-scurry: 1.11.1

  graceful-fs@4.2.11: {}

  http-errors@2.0.0:
    dependencies:
      depd: 2.0.0
      inherits: 2.0.4
      setprototypeof: 1.2.0
      statuses: 2.0.1
      toidentifier: 1.0.1

  http-proxy-agent@7.0.2:
    dependencies:
      agent-base: 7.1.1
      debug: 4.3.7
    transitivePeerDependencies:
      - supports-color

  https-proxy-agent@7.0.5:
    dependencies:
      agent-base: 7.1.1
      debug: 4.3.7
    transitivePeerDependencies:
      - supports-color

  iconv-lite@0.6.3:
    dependencies:
      safer-buffer: 2.1.2

  ieee754@1.2.1: {}

  import-fresh@3.3.0:
    dependencies:
      parent-module: 1.0.1
      resolve-from: 4.0.0

  inherits@2.0.4: {}

  ip-address@9.0.5:
    dependencies:
      jsbn: 1.1.0
      sprintf-js: 1.1.3

  is-arrayish@0.2.1: {}

  is-fullwidth-code-point@3.0.0: {}

  isexe@2.0.0: {}

  jackspeak@3.4.3:
    dependencies:
      '@isaacs/cliui': 8.0.2
    optionalDependencies:
      '@pkgjs/parseargs': 0.11.0

  js-tokens@4.0.0: {}

  js-yaml@4.1.0:
    dependencies:
      argparse: 2.0.1

  jsbn@1.1.0: {}

  json-parse-even-better-errors@2.3.1: {}

  jsonfile@6.1.0:
    dependencies:
      universalify: 2.0.1
    optionalDependencies:
      graceful-fs: 4.2.11

  lines-and-columns@1.2.4: {}

  lru-cache@10.4.3: {}

  lru-cache@7.18.3: {}

  mime-db@1.52.0: {}

  mime-types@2.1.35:
    dependencies:
      mime-db: 1.52.0

  minimatch@9.0.5:
    dependencies:
      brace-expansion: 2.0.1

  minipass@7.1.2: {}

  mitt@3.0.1: {}

  ms@2.1.3: {}

  netmask@2.0.2: {}

  node-domexception@1.0.0: {}

  node-fetch@3.3.2:
    dependencies:
      data-uri-to-buffer: 4.0.1
      fetch-blob: 3.2.0
      formdata-polyfill: 4.0.10

  once@1.4.0:
    dependencies:
      wrappy: 1.0.2

  pac-proxy-agent@7.0.2:
    dependencies:
      '@tootallnate/quickjs-emscripten': 0.23.0
      agent-base: 7.1.1
      debug: 4.3.7
      get-uri: 6.0.3
      http-proxy-agent: 7.0.2
      https-proxy-agent: 7.0.5
      pac-resolver: 7.0.1
      socks-proxy-agent: 8.0.4
    transitivePeerDependencies:
      - supports-color

  pac-resolver@7.0.1:
    dependencies:
      degenerator: 5.0.1
      netmask: 2.0.2

  package-json-from-dist@1.0.1: {}

  parent-module@1.0.1:
    dependencies:
      callsites: 3.1.0

  parse-json@5.2.0:
    dependencies:
      '@babel/code-frame': 7.26.2
      error-ex: 1.3.2
      json-parse-even-better-errors: 2.3.1
      lines-and-columns: 1.2.4

  path-key@3.1.1: {}

  path-scurry@1.11.1:
    dependencies:
      lru-cache: 10.4.3
      minipass: 7.1.2

  pend@1.2.0: {}

  picocolors@1.1.1: {}

  progress@2.0.3: {}

  proxy-agent@6.4.0:
    dependencies:
      agent-base: 7.1.1
      debug: 4.3.7
      http-proxy-agent: 7.0.2
      https-proxy-agent: 7.0.5
      lru-cache: 7.18.3
      pac-proxy-agent: 7.0.2
      proxy-from-env: 1.1.0
      socks-proxy-agent: 8.0.4
    transitivePeerDependencies:
      - supports-color

  proxy-from-env@1.1.0: {}

  pump@3.0.2:
    dependencies:
      end-of-stream: 1.4.4
      once: 1.4.0

  puppeteer-core@23.9.0:
    dependencies:
      '@puppeteer/browsers': 2.4.1
      chromium-bidi: 0.8.0(devtools-protocol@0.0.1367902)
      debug: 4.3.7
      devtools-protocol: 0.0.1367902
      typed-query-selector: 2.12.0
      ws: 8.18.0
    transitivePeerDependencies:
      - bufferutil
      - supports-color
      - utf-8-validate

  puppeteer@23.9.0:
    dependencies:
      '@puppeteer/browsers': 2.4.1
      chromium-bidi: 0.8.0(devtools-protocol@0.0.1367902)
      cosmiconfig: 9.0.0
      devtools-protocol: 0.0.1367902
      puppeteer-core: 23.9.0
      typed-query-selector: 2.12.0
    transitivePeerDependencies:
      - bufferutil
      - supports-color
      - typescript
      - utf-8-validate

  queue-tick@1.0.1: {}

  raw-body@3.0.0:
    dependencies:
      bytes: 3.1.2
      http-errors: 2.0.0
      iconv-lite: 0.6.3
      unpipe: 1.0.0

  require-directory@2.1.1: {}

  resolve-from@4.0.0: {}

  resolve-pkg-maps@1.0.0: {}

  safer-buffer@2.1.2: {}

  semver@7.6.3: {}

  setprototypeof@1.2.0: {}

  shebang-command@2.0.0:
    dependencies:
      shebang-regex: 3.0.0

  shebang-regex@3.0.0: {}

  signal-exit@4.1.0: {}

  smart-buffer@4.2.0: {}

  socks-proxy-agent@8.0.4:
    dependencies:
      agent-base: 7.1.1
      debug: 4.3.7
      socks: 2.8.3
    transitivePeerDependencies:
      - supports-color

  socks@2.8.3:
    dependencies:
      ip-address: 9.0.5
      smart-buffer: 4.2.0

  source-map@0.6.1:
    optional: true

  sprintf-js@1.1.3: {}

  statuses@2.0.1: {}

  streamx@2.20.2:
    dependencies:
      fast-fifo: 1.3.2
      queue-tick: 1.0.1
      text-decoder: 1.2.1
    optionalDependencies:
      bare-events: 2.5.0

  string-width@4.2.3:
    dependencies:
      emoji-regex: 8.0.0
      is-fullwidth-code-point: 3.0.0
      strip-ansi: 6.0.1

  string-width@5.1.2:
    dependencies:
      eastasianwidth: 0.2.0
      emoji-regex: 9.2.2
      strip-ansi: 7.1.0

  strip-ansi@6.0.1:
    dependencies:
      ansi-regex: 5.0.1

  strip-ansi@7.1.0:
    dependencies:
      ansi-regex: 6.1.0

  tar-fs@3.0.6:
    dependencies:
      pump: 3.0.2
      tar-stream: 3.1.7
    optionalDependencies:
      bare-fs: 2.3.5
      bare-path: 2.1.3

  tar-stream@3.1.7:
    dependencies:
      b4a: 1.6.7
      fast-fifo: 1.3.2
      streamx: 2.20.2

  text-decoder@1.2.1: {}

  through@2.3.8: {}

  toidentifier@1.0.1: {}

  tslib@2.8.1: {}

  tsx@4.19.2:
    dependencies:
      esbuild: 0.23.1
      get-tsconfig: 4.8.1
    optionalDependencies:
      fsevents: 2.3.3

  typed-query-selector@2.12.0: {}

  unbzip2-stream@1.4.3:
    dependencies:
      buffer: 5.7.1
      through: 2.3.8

  undici-types@6.19.8: {}

  universalify@2.0.1: {}

  unpipe@1.0.0: {}

  urlpattern-polyfill@10.0.0: {}

  web-streams-polyfill@3.3.3: {}

  which@2.0.2:
    dependencies:
      isexe: 2.0.0

  wrap-ansi@7.0.0:
    dependencies:
      ansi-styles: 4.3.0
      string-width: 4.2.3
      strip-ansi: 6.0.1

  wrap-ansi@8.1.0:
    dependencies:
      ansi-styles: 6.2.1
      string-width: 5.1.2
      strip-ansi: 7.1.0

  wrappy@1.0.2: {}

  ws@8.18.0: {}

  y18n@5.0.8: {}

  yargs-parser@21.1.1: {}

  yargs@17.7.2:
    dependencies:
      cliui: 8.0.1
      escalade: 3.2.0
      get-caller-file: 2.0.5
      require-directory: 2.1.1
      string-width: 4.2.3
      y18n: 5.0.8
      yargs-parser: 21.1.1

  yauzl@2.10.0:
    dependencies:
      buffer-crc32: 0.2.13
      fd-slicer: 1.1.0

  zod-to-json-schema@3.23.5(zod@3.23.8):
    dependencies:
      zod: 3.23.8

  zod@3.23.8: {}
