cel.dev/expr v0.20.0 h1:OunBvVCfvpWlt4dN7zg3FM6TDkzOePe1+foGJ9AXeeI=
cel.dev/expr v0.20.0/go.mod h1:MrpN08Q+lEBs+bGYdLxxHkZoUSsCp0nSKTs0nTymJgw=
cloud.google.com/go v0.118.0 h1:tvZe1mgqRxpiVa3XlIGMiPcEUbP1gNXELgD4y/IXmeQ=
cloud.google.com/go v0.118.0/go.mod h1:zIt2pkedt/mo+DQjcT4/L3NDxzHPR29j5HcclNH+9PM=
cloud.google.com/go/auth v0.16.0 h1:Pd8P1s9WkcrBE2n/PhAwKsdrR35V3Sg2II9B+ndM3CU=
cloud.google.com/go/auth v0.16.0/go.mod h1:1howDHJ5IETh/LwYs3ZxvlkXF48aSqqJUM+5o02dNOI=
cloud.google.com/go/auth/oauth2adapt v0.2.8 h1:keo8NaayQZ6wimpNSmW5OPc283g65QNIiLpZnkHRbnc=
cloud.google.com/go/auth/oauth2adapt v0.2.8/go.mod h1:XQ9y31RkqZCcwJWNSx2Xvric3RrU88hAYYbjDWYDL+c=
cloud.google.com/go/compute/metadata v0.6.0 h1:A6hENjEsCDtC1k8byVsgwvVcioamEHvZ4j01OwKxG9I=
cloud.google.com/go/compute/metadata v0.6.0/go.mod h1:FjyFAW1MW0C203CEOMDTu3Dk1FlqW3Rga40jzHL4hfg=
cloud.google.com/go/firestore v1.18.0 h1:cuydCaLS7Vl2SatAeivXyhbhDEIR8BDmtn4egDhIn2s=
cloud.google.com/go/firestore v1.18.0/go.mod h1:5ye0v48PhseZBdcl0qbl3uttu7FIEwEYVaWm0UIEOEU=
cloud.google.com/go/iam v1.3.1 h1:KFf8SaT71yYq+sQtRISn90Gyhyf4X8RGgeAVC8XGf3E=
cloud.google.com/go/iam v1.3.1/go.mod h1:3wMtuyT4NcbnYNPLMBzYRFiEfjKfJlLVLrisE7bwm34=
cloud.google.com/go/logging v1.13.0 h1:7j0HgAp0B94o1YRDqiqm26w4q1rDMH7XNRU34lJXHYc=
cloud.google.com/go/logging v1.13.0/go.mod h1:36CoKh6KA/M0PbhPKMq6/qety2DCAErbhXT62TuXALA=
cloud.google.com/go/longrunning v0.6.4 h1:3tyw9rO3E2XVXzSApn1gyEEnH2K9SynNQjMlBi3uHLg=
cloud.google.com/go/longrunning v0.6.4/go.mod h1:ttZpLCe6e7EXvn9OxpBRx7kZEB0efv8yBO6YnVMfhJs=
cloud.google.com/go/monitoring v1.22.1 h1:KQbnAC4IAH+5x3iWuPZT5iN9VXqKMzzOgqcYB6fqPDE=
cloud.google.com/go/monitoring v1.22.1/go.mod h1:AuZZXAoN0WWWfsSvET1Cpc4/1D8LXq8KRDU87fMS6XY=
cloud.google.com/go/storage v1.49.0 h1:zenOPBOWHCnojRd9aJZAyQXBYqkJkdQS42dxL55CIMw=
cloud.google.com/go/storage v1.49.0/go.mod h1:k1eHhhpLvrPjVGfo0mOUPEJ4Y2+a/Hv5PiwehZI9qGU=
cloud.google.com/go/trace v1.11.3 h1:c+I4YFjxRQjvAhRmSsmjpASUKq88chOX854ied0K/pE=
cloud.google.com/go/trace v1.11.3/go.mod h1:pt7zCYiDSQjC9Y2oqCsh9jF4GStB/hmjrYLsxRR27q8=
entgo.io/ent v0.13.1 h1:uD8QwN1h6SNphdCCzmkMN3feSUzNnVvV/WIkHKMbzOE=
entgo.io/ent v0.13.1/go.mod h1:qCEmo+biw3ccBn9OyL4ZK5dfpwg++l1Gxwac5B1206A=
firebase.google.com/go/v4 v4.15.2 h1:KJtV4rAfO2CVCp40hBfVk+mqUqg7+jQKx7yOgFDnXBg=
firebase.google.com/go/v4 v4.15.2/go.mod h1:qkD/HtSumrPMTLs0ahQrje5gTw2WKFKrzVFoqy4SbKA=
github.com/BurntSushi/toml v0.3.1/go.mod h1:xHWCNGjB5oqiDr8zfno3MHue2Ht5sIBksp03qcyfWMU=
github.com/GoogleCloudPlatform/opentelemetry-operations-go/detectors/gcp v1.26.0 h1:f2Qw/Ehhimh5uO1fayV0QIW7DShEQqhtUfhYc+cBPlw=
github.com/GoogleCloudPlatform/opentelemetry-operations-go/detectors/gcp v1.26.0/go.mod h1:2bIszWvQRlJVmJLiuLhukLImRjKPcYdzzsx6darK02A=
github.com/GoogleCloudPlatform/opentelemetry-operations-go/exporter/metric v0.51.0 h1:fYE9p3esPxA/C0rQ0AHhP0drtPXDRhaWiwg1DPqO7IU=
github.com/GoogleCloudPlatform/opentelemetry-operations-go/exporter/metric v0.51.0/go.mod h1:BnBReJLvVYx2CS/UHOgVz2BXKXD9wsQPxZug20nZhd0=
github.com/GoogleCloudPlatform/opentelemetry-operations-go/exporter/trace v1.27.0 h1:Jtr816GUk6+I2ox9L/v+VcOwN6IyGOEDTSNHfD6m9sY=
github.com/GoogleCloudPlatform/opentelemetry-operations-go/exporter/trace v1.27.0/go.mod h1:E05RN++yLx9W4fXPtX978OLo9P0+fBacauUdET1BckA=
github.com/GoogleCloudPlatform/opentelemetry-operations-go/internal/cloudmock v0.51.0 h1:OqVGm6Ei3x5+yZmSJG1Mh2NwHvpVmZ08CB5qJhT9Nuk=
github.com/GoogleCloudPlatform/opentelemetry-operations-go/internal/cloudmock v0.51.0/go.mod h1:SZiPHWGOOk3bl8tkevxkoiwPgsIl6CwrWcbwjfHZpdM=
github.com/GoogleCloudPlatform/opentelemetry-operations-go/internal/resourcemapping v0.51.0 h1:6/0iUd0xrnX7qt+mLNRwg5c0PGv8wpE8K90ryANQwMI=
github.com/GoogleCloudPlatform/opentelemetry-operations-go/internal/resourcemapping v0.51.0/go.mod h1:otE2jQekW/PqXk1Awf5lmfokJx4uwuqcj1ab5SpGeW0=
github.com/MicahParks/keyfunc v1.9.0 h1:lhKd5xrFHLNOWrDc4Tyb/Q1AJ4LCzQ48GVJyVIID3+o=
github.com/MicahParks/keyfunc v1.9.0/go.mod h1:IdnCilugA0O/99dW+/MkvlyrsX8+L8+x95xuVNtM5jw=
github.com/PuerkitoBio/purell v1.1.1/go.mod h1:c11w/QuzBsJSee3cPx9rAFu61PvFxuPbtSwDGJws/X0=
github.com/PuerkitoBio/urlesc v0.0.0-20170810143723-de5bf2ad4578/go.mod h1:uGdkoq3SwY9Y+13GIhn11/XLaGBb4BfwItxLd5jeuXE=
github.com/ankane/disco-go v0.1.0 h1:nkz+y4O+UFKnEGH8FkJ8wcVwX5boZvaRzJN6EMK7NVw=
github.com/ankane/disco-go v0.1.0/go.mod h1:nkR7DLW+KkXeRRAsWk6poMTpTOWp9/4iKYGDwg8dSS0=
github.com/anthropics/anthropic-sdk-go v0.2.0-beta.3 h1:b5t1ZJMvV/l99y4jbz7kRFdUp3BSDkI8EhSlHczivtw=
github.com/anthropics/anthropic-sdk-go v0.2.0-beta.3/go.mod h1:AapDW22irxK2PSumZiQXYUFvsdQgkwIWlpESweWZI/c=
github.com/asaskevich/govalidator v0.0.0-20200907205600-7a23bdc65eef/go.mod h1:WaHUgvxTVq04UNunO+XhnAqY/wQc+bxr74GqbsZ/Jqw=
github.com/asaskevich/govalidator v0.0.0-20210307081110-f21760c49a8d/go.mod h1:WaHUgvxTVq04UNunO+XhnAqY/wQc+bxr74GqbsZ/Jqw=
github.com/asaskevich/govalidator v0.0.0-20230301143203-a9d515a09cc2 h1:DklsrG3dyBCFEj5IhUbnKptjxatkF07cF2ak3yi77so=
github.com/asaskevich/govalidator v0.0.0-20230301143203-a9d515a09cc2/go.mod h1:WaHUgvxTVq04UNunO+XhnAqY/wQc+bxr74GqbsZ/Jqw=
github.com/bahlo/generic-list-go v0.2.0 h1:5sz/EEAK+ls5wF+NeqDpk5+iNdMDXrh3z3nPnH1Wvgk=
github.com/bahlo/generic-list-go v0.2.0/go.mod h1:2KvAjgMlE5NNynlg/5iLrrCCZ2+5xWbdbCW3pNTGyYg=
github.com/blues/jsonata-go v1.5.4 h1:XCsXaVVMrt4lcpKeJw6mNJHqQpWU751cnHdCFUq3xd8=
github.com/blues/jsonata-go v1.5.4/go.mod h1:uns2jymDrnI7y+UFYCqsRTEiAH22GyHnNXrkupAVFWI=
github.com/buger/jsonparser v1.1.1 h1:2PnMjfWD7wBILjqQbt530v576A/cAbQvEW9gGIpYMUs=
github.com/buger/jsonparser v1.1.1/go.mod h1:6RYKKt7H4d4+iWqouImQ9R2FZql3VbhNgx27UK13J/0=
github.com/cespare/xxhash/v2 v2.3.0 h1:UL815xU9SqsFlibzuggzjXhog7bL6oX9BbNZnL2UFvs=
github.com/cespare/xxhash/v2 v2.3.0/go.mod h1:VGX0DQ3Q6kWi7AoAeZDth3/j3BFtOZR5XLFGgcrjCOs=
github.com/cncf/xds/go v0.0.0-20250326154945-ae57f3c0d45f h1:C5bqEmzEPLsHm9Mv73lSE9e9bKV23aB1vxOsmZrkl3k=
github.com/cncf/xds/go v0.0.0-20250326154945-ae57f3c0d45f/go.mod h1:W+zGtBO5Y1IgJhy4+A9GOqVhqLpfZi+vwmdNXUehLA8=
github.com/creack/pty v1.1.9/go.mod h1:oKZEueFk5CKHvIhNR5MUki03XCEU+Q6VDXinZuGJ33E=
github.com/davecgh/go-spew v1.1.0/go.mod h1:J7Y8YcW2NihsgmVo/mv3lAwl/skON4iLHjSsI+c5H38=
github.com/davecgh/go-spew v1.1.1/go.mod h1:J7Y8YcW2NihsgmVo/mv3lAwl/skON4iLHjSsI+c5H38=
github.com/davecgh/go-spew v1.1.2-0.20180830191138-d8f796af33cc h1:U9qPSI2PIWSS1VwoXQT9A3Wy9MM3WgvqSxFWenqJduM=
github.com/davecgh/go-spew v1.1.2-0.20180830191138-d8f796af33cc/go.mod h1:J7Y8YcW2NihsgmVo/mv3lAwl/skON4iLHjSsI+c5H38=
github.com/docker/go-units v0.4.0/go.mod h1:fgPhTUdO+D/Jk86RDLlptpiXQzgHJF7gydDDbaIK4Dk=
github.com/envoyproxy/go-control-plane v0.13.4 h1:zEqyPVyku6IvWCFwux4x9RxkLOMUL+1vC9xUFv5l2/M=
github.com/envoyproxy/go-control-plane v0.13.4/go.mod h1:kDfuBlDVsSj2MjrLEtRWtHlsWIFcGyB2RMO44Dc5GZA=
github.com/envoyproxy/go-control-plane/envoy v1.32.4 h1:jb83lalDRZSpPWW2Z7Mck/8kXZ5CQAFYVjQcdVIr83A=
github.com/envoyproxy/go-control-plane/envoy v1.32.4/go.mod h1:Gzjc5k8JcJswLjAx1Zm+wSYE20UrLtt7JZMWiWQXQEw=
github.com/envoyproxy/go-control-plane/ratelimit v0.1.0 h1:/G9QYbddjL25KvtKTv3an9lx6VBE2cnb8wp1vEGNYGI=
github.com/envoyproxy/go-control-plane/ratelimit v0.1.0/go.mod h1:Wk+tMFAFbCXaJPzVVHnPgRKdUdwW/KdbRt94AzgRee4=
github.com/envoyproxy/protoc-gen-validate v1.2.1 h1:DEo3O99U8j4hBFwbJfrz9VtgcDfUKS7KJ7spH3d86P8=
github.com/envoyproxy/protoc-gen-validate v1.2.1/go.mod h1:d/C80l/jxXLdfEIhX1W2TmLfsJ31lvEjwamM4DxlWXU=
github.com/felixge/httpsnoop v1.0.4 h1:NFTV2Zj1bL4mc9sqWACXbQFVBBg2W3GPvqp8/ESS2Wg=
github.com/felixge/httpsnoop v1.0.4/go.mod h1:m8KPJKqk1gH5J9DgRY2ASl2lWCfGKXixSwevea8zH2U=
github.com/go-jose/go-jose/v4 v4.1.0 h1:cYSYxd3pw5zd2FSXk2vGdn9igQU2PS8MuxrCOCl0FdY=
github.com/go-jose/go-jose/v4 v4.1.0/go.mod h1:GG/vqmYm3Von2nYiB2vGTXzdoNKE5tix5tuc6iAd+sw=
github.com/go-logr/logr v1.2.2/go.mod h1:jdQByPbusPIv2/zmleS9BjJVeZ6kBagPoEUsqbVz/1A=
github.com/go-logr/logr v1.4.2 h1:6pFjapn8bFcIbiKo3XT4j/BhANplGihG6tvd+8rYgrY=
github.com/go-logr/logr v1.4.2/go.mod h1:9T104GzyrTigFIr8wt5mBrctHMim0Nb2HLGrmQ40KvY=
github.com/go-logr/stdr v1.2.2 h1:hSWxHoqTgW2S2qGc0LTAI563KZ5YKYRhT3MFKZMbjag=
github.com/go-logr/stdr v1.2.2/go.mod h1:mMo/vtBO5dYbehREoey6XUKy/eSumjCCveDpRre4VKE=
github.com/go-openapi/analysis v0.21.2/go.mod h1:HZwRk4RRisyG8vx2Oe6aqeSQcoxRp47Xkp3+K6q+LdY=
github.com/go-openapi/analysis v0.23.0 h1:aGday7OWupfMs+LbmLZG4k0MYXIANxcuBTYUC03zFCU=
github.com/go-openapi/analysis v0.23.0/go.mod h1:9mz9ZWaSlV8TvjQHLl2mUW2PbZtemkE8yA5v22ohupo=
github.com/go-openapi/errors v0.19.8/go.mod h1:cM//ZKUKyO06HSwqAelJ5NsEMMcpa6VpXe8DOa1Mi1M=
github.com/go-openapi/errors v0.19.9/go.mod h1:cM//ZKUKyO06HSwqAelJ5NsEMMcpa6VpXe8DOa1Mi1M=
github.com/go-openapi/errors v0.20.2/go.mod h1:cM//ZKUKyO06HSwqAelJ5NsEMMcpa6VpXe8DOa1Mi1M=
github.com/go-openapi/errors v0.22.1 h1:kslMRRnK7NCb/CvR1q1VWuEQCEIsBGn5GgKD9e+HYhU=
github.com/go-openapi/errors v0.22.1/go.mod h1:+n/5UdIqdVnLIJ6Q9Se8HNGUXYaY6CN8ImWzfi/Gzp0=
github.com/go-openapi/jsonpointer v0.19.3/go.mod h1:Pl9vOtqEWErmShwVjC8pYs9cog34VGT37dQOVbmoatg=
github.com/go-openapi/jsonpointer v0.19.5/go.mod h1:Pl9vOtqEWErmShwVjC8pYs9cog34VGT37dQOVbmoatg=
github.com/go-openapi/jsonpointer v0.21.1 h1:whnzv/pNXtK2FbX/W9yJfRmE2gsmkfahjMKB0fZvcic=
github.com/go-openapi/jsonpointer v0.21.1/go.mod h1:50I1STOfbY1ycR8jGz8DaMeLCdXiI6aDteEdRNNzpdk=
github.com/go-openapi/jsonreference v0.19.6/go.mod h1:diGHMEHg2IqXZGKxqyvWdfWU/aim5Dprw5bqpKkTvns=
github.com/go-openapi/jsonreference v0.21.0 h1:Rs+Y7hSXT83Jacb7kFyjn4ijOuVGSvOdF2+tg1TRrwQ=
github.com/go-openapi/jsonreference v0.21.0/go.mod h1:LmZmgsrTkVg9LG4EaHeY8cBDslNPMo06cago5JNLkm4=
github.com/go-openapi/loads v0.21.1/go.mod h1:/DtAMXXneXFjbQMGEtbamCZb+4x7eGwkvZCvBmwUG+g=
github.com/go-openapi/loads v0.22.0 h1:ECPGd4jX1U6NApCGG1We+uEozOAvXvJSF4nnwHZ8Aco=
github.com/go-openapi/loads v0.22.0/go.mod h1:yLsaTCS92mnSAZX5WWoxszLj0u+Ojl+Zs5Stn1oF+rs=
github.com/go-openapi/runtime v0.24.2 h1:yX9HMGQbz32M87ECaAhGpJjBmErO3QLcgdZj9BzGx7c=
github.com/go-openapi/runtime v0.24.2/go.mod h1:AKurw9fNre+h3ELZfk6ILsfvPN+bvvlaU/M9q/r9hpk=
github.com/go-openapi/spec v0.20.4/go.mod h1:faYFR1CvsJZ0mNsmsphTMSoRrNV3TEDoAM7FOEWeq8I=
github.com/go-openapi/spec v0.21.0 h1:LTVzPc3p/RzRnkQqLRndbAzjY0d0BCL72A6j3CdL9ZY=
github.com/go-openapi/spec v0.21.0/go.mod h1:78u6VdPw81XU44qEWGhtr982gJ5BWg2c0I5XwVMotYk=
github.com/go-openapi/strfmt v0.21.0/go.mod h1:ZRQ409bWMj+SOgXofQAGTIo2Ebu72Gs+WaRADcS5iNg=
github.com/go-openapi/strfmt v0.21.1/go.mod h1:I/XVKeLc5+MM5oPNN7P6urMOpuLXEcNrCX/rPGuWb0k=
github.com/go-openapi/strfmt v0.21.2/go.mod h1:I/XVKeLc5+MM5oPNN7P6urMOpuLXEcNrCX/rPGuWb0k=
github.com/go-openapi/strfmt v0.23.0 h1:nlUS6BCqcnAk0pyhi9Y+kdDVZdZMHfEKQiS4HaMgO/c=
github.com/go-openapi/strfmt v0.23.0/go.mod h1:NrtIpfKtWIygRkKVsxh7XQMDQW5HKQl6S5ik2elW+K4=
github.com/go-openapi/swag v0.19.5/go.mod h1:POnQmlKehdgb5mhVOsnJFsivZCEZ/vjK9gh66Z9tfKk=
github.com/go-openapi/swag v0.19.15/go.mod h1:QYRuS/SOXUCsnplDa677K7+DxSOj6IPNl/eQntq43wQ=
github.com/go-openapi/swag v0.21.1/go.mod h1:QYRuS/SOXUCsnplDa677K7+DxSOj6IPNl/eQntq43wQ=
github.com/go-openapi/swag v0.23.1 h1:lpsStH0n2ittzTnbaSloVZLuB5+fvSY/+hnagBjSNZU=
github.com/go-openapi/swag v0.23.1/go.mod h1:STZs8TbRvEQQKUA+JZNAm3EWlgaOBGpyFDqQnDHMef0=
github.com/go-openapi/validate v0.21.0/go.mod h1:rjnrwK57VJ7A8xqfpAOEKRH8yQSGUriMu5/zuPSQ1hg=
github.com/go-openapi/validate v0.24.0 h1:LdfDKwNbpB6Vn40xhTdNZAnfLECL81w+VX3BumrGD58=
github.com/go-openapi/validate v0.24.0/go.mod h1:iyeX1sEufmv3nPbBdX3ieNviWnOZaJ1+zquzJEf2BAQ=
github.com/go-pg/pg/v10 v10.11.0 h1:CMKJqLgTrfpE/aOVeLdybezR2om071Vh38OLZjsyMI0=
github.com/go-pg/pg/v10 v10.11.0/go.mod h1:4BpHRoxE61y4Onpof3x1a2SQvi9c+q1dJnrNdMjsroA=
github.com/go-pg/zerochecker v0.2.0 h1:pp7f72c3DobMWOb2ErtZsnrPaSvHd2W4o9//8HtF4mU=
github.com/go-pg/zerochecker v0.2.0/go.mod h1:NJZ4wKL0NmTtz0GKCoJ8kym6Xn/EQzXRl2OnAe7MmDo=
github.com/go-stack/stack v1.8.0/go.mod h1:v0f6uXyyMGvRgIKkXu+yp6POWl0qKG85gN/melR3HDY=
github.com/go-stack/stack v1.8.1/go.mod h1:dcoOX6HbPZSZptuspn9bctJ+N/CnF5gGygcUP3XYfe4=
github.com/gobuffalo/attrs v0.0.0-20190224210810-a9411de4debd/go.mod h1:4duuawTqi2wkkpB4ePgWMaai6/Kc6WEz83bhFwpHzj0=
github.com/gobuffalo/depgen v0.0.0-20190329151759-d478694a28d3/go.mod h1:3STtPUQYuzV0gBVOY3vy6CfMm/ljR4pABfrTeHNLHUY=
github.com/gobuffalo/depgen v0.1.0/go.mod h1:+ifsuy7fhi15RWncXQQKjWS9JPkdah5sZvtHc2RXGlg=
github.com/gobuffalo/envy v1.6.15/go.mod h1:n7DRkBerg/aorDM8kbduw5dN3oXGswK5liaSCx4T5NI=
github.com/gobuffalo/envy v1.7.0/go.mod h1:n7DRkBerg/aorDM8kbduw5dN3oXGswK5liaSCx4T5NI=
github.com/gobuffalo/flect v0.1.0/go.mod h1:d2ehjJqGOH/Kjqcoz+F7jHTBbmDb38yXA598Hb50EGs=
github.com/gobuffalo/flect v0.1.1/go.mod h1:8JCgGVbRjJhVgD6399mQr4fx5rRfGKVzFjbj6RE/9UI=
github.com/gobuffalo/flect v0.1.3/go.mod h1:8JCgGVbRjJhVgD6399mQr4fx5rRfGKVzFjbj6RE/9UI=
github.com/gobuffalo/genny v0.0.0-20190329151137-27723ad26ef9/go.mod h1:rWs4Z12d1Zbf19rlsn0nurr75KqhYp52EAGGxTbBhNk=
github.com/gobuffalo/genny v0.0.0-20190403191548-3ca520ef0d9e/go.mod h1:80lIj3kVJWwOrXWWMRzzdhW3DsrdjILVil/SFKBzF28=
github.com/gobuffalo/genny v0.1.0/go.mod h1:XidbUqzak3lHdS//TPu2OgiFB+51Ur5f7CSnXZ/JDvo=
github.com/gobuffalo/genny v0.1.1/go.mod h1:5TExbEyY48pfunL4QSXxlDOmdsD44RRq4mVZ0Ex28Xk=
github.com/gobuffalo/gitgen v0.0.0-20190315122116-cc086187d211/go.mod h1:vEHJk/E9DmhejeLeNt7UVvlSGv3ziL+djtTr3yyzcOw=
github.com/gobuffalo/gogen v0.0.0-20190315121717-8f38393713f5/go.mod h1:V9QVDIxsgKNZs6L2IYiGR8datgMhB577vzTDqypH360=
github.com/gobuffalo/gogen v0.1.0/go.mod h1:8NTelM5qd8RZ15VjQTFkAW6qOMx5wBbW4dSCS3BY8gg=
github.com/gobuffalo/gogen v0.1.1/go.mod h1:y8iBtmHmGc4qa3urIyo1shvOD8JftTtfcKi+71xfDNE=
github.com/gobuffalo/logger v0.0.0-20190315122211-86e12af44bc2/go.mod h1:QdxcLw541hSGtBnhUc4gaNIXRjiDppFGaDqzbrBd3v8=
github.com/gobuffalo/mapi v1.0.1/go.mod h1:4VAGh89y6rVOvm5A8fKFxYG+wIW6LO1FMTG9hnKStFc=
github.com/gobuffalo/mapi v1.0.2/go.mod h1:4VAGh89y6rVOvm5A8fKFxYG+wIW6LO1FMTG9hnKStFc=
github.com/gobuffalo/packd v0.0.0-20190315124812-a385830c7fc0/go.mod h1:M2Juc+hhDXf/PnmBANFCqx4DM3wRbgDvnVWeG2RIxq4=
github.com/gobuffalo/packd v0.1.0/go.mod h1:M2Juc+hhDXf/PnmBANFCqx4DM3wRbgDvnVWeG2RIxq4=
github.com/gobuffalo/packr/v2 v2.0.9/go.mod h1:emmyGweYTm6Kdper+iywB6YK5YzuKchGtJQZ0Odn4pQ=
github.com/gobuffalo/packr/v2 v2.2.0/go.mod h1:CaAwI0GPIAv+5wKLtv8Afwl+Cm78K/I/VCm/3ptBN+0=
github.com/gobuffalo/syncx v0.0.0-20190224160051-33c29581e754/go.mod h1:HhnNqWY95UYwwW3uSASeV7vtgYkT2t16hJgV3AEPUpw=
github.com/goccy/go-yaml v1.17.1 h1:LI34wktB2xEE3ONG/2Ar54+/HJVBriAGJ55PHls4YuY=
github.com/goccy/go-yaml v1.17.1/go.mod h1:XBurs7gK8ATbW4ZPGKgcbrY1Br56PdM69F7LkFRi1kA=
github.com/golang-jwt/jwt/v4 v4.4.2/go.mod h1:m21LjoU+eqJr34lmDMbreY2eSTRJ1cv77w39/MY0Ch0=
github.com/golang-jwt/jwt/v4 v4.5.2 h1:YtQM7lnr8iZ+j5q71MGKkNw9Mn7AjHM68uc9g5fXeUI=
github.com/golang-jwt/jwt/v4 v4.5.2/go.mod h1:m21LjoU+eqJr34lmDMbreY2eSTRJ1cv77w39/MY0Ch0=
github.com/golang/groupcache v0.0.0-20241129210726-2c02b8208cf8 h1:f+oWsMOmNPc8JmEHVZIycC7hBoQxHH9pNKQORJNozsQ=
github.com/golang/groupcache v0.0.0-20241129210726-2c02b8208cf8/go.mod h1:wcDNUvekVysuuOpQKo3191zZyTpiI6se1N1ULghS0sw=
github.com/golang/protobuf v1.5.0/go.mod h1:FsONVRAS9T7sI+LIUmWTfcYkHO4aIWwzhcaSAoJOfIk=
github.com/golang/protobuf v1.5.4 h1:i7eJL8qZTpSEXOPTxNKhASYpMn+8e5Q6AdndVa1dWek=
github.com/golang/protobuf v1.5.4/go.mod h1:lnTiLA8Wa4RWRcIUkrtSVa5nRhsEGBg48fD6rSs7xps=
github.com/golang/snappy v0.0.1/go.mod h1:/XxbfmMg8lxefKM7IXC3fBNl/7bRcc72aCRzEWrmP2Q=
github.com/google/dotprompt/go v0.0.0-20250424065700-61c578cf43ac h1:ktLPEL36xpnElPk3FZKXtU5qHF+5Ozv5ZcC5kPAwV7k=
github.com/google/dotprompt/go v0.0.0-20250424065700-61c578cf43ac/go.mod h1:dnIk+MSMnipm9uZyPIgptq7I39aDxyjBiaev/OG0W0Y=
github.com/google/go-cmp v0.5.2/go.mod h1:v8dTdLbMG2kIc/vJvl+f65V22dbkXbowE6jgT/gNBxE=
github.com/google/go-cmp v0.5.5/go.mod h1:v8dTdLbMG2kIc/vJvl+f65V22dbkXbowE6jgT/gNBxE=
github.com/google/go-cmp v0.7.0 h1:wk8382ETsv4JYUZwIsn6YpYiWiBsYLSJiTsyBybVuN8=
github.com/google/go-cmp v0.7.0/go.mod h1:pXiqmnSA92OHEEa9HXL2W4E7lf9JzCmGVUdgjX3N/iU=
github.com/google/martian/v3 v3.3.3 h1:DIhPTQrbPkgs2yJYdXU/eNACCG5DVQjySNRNlflZ9Fc=
github.com/google/martian/v3 v3.3.3/go.mod h1:iEPrYcgCF7jA9OtScMFQyAlZZ4YXTKEtJ1E6RWzmBA0=
github.com/google/s2a-go v0.1.9 h1:LGD7gtMgezd8a/Xak7mEWL0PjoTQFvpRudN895yqKW0=
github.com/google/s2a-go v0.1.9/go.mod h1:YA0Ei2ZQL3acow2O62kdp9UlnvMmU7kA6Eutn0dXayM=
github.com/google/uuid v1.1.1/go.mod h1:TIyPZe4MgqvfeYDBFedMoGGpEw/LqOeaOT+nhxU+yHo=
github.com/google/uuid v1.6.0 h1:NIvaJDMOsjHA8n1jAhLSgzrAzy1Hgr+hNrb57e+94F0=
github.com/google/uuid v1.6.0/go.mod h1:TIyPZe4MgqvfeYDBFedMoGGpEw/LqOeaOT+nhxU+yHo=
github.com/googleapis/enterprise-certificate-proxy v0.3.6 h1:GW/XbdyBFQ8Qe+YAmFU9uHLo7OnF5tL52HFAgMmyrf4=
github.com/googleapis/enterprise-certificate-proxy v0.3.6/go.mod h1:MkHOF77EYAE7qfSuSS9PU6g4Nt4e11cnsDUowfwewLA=
github.com/googleapis/gax-go/v2 v2.14.1 h1:hb0FFeiPaQskmvakKu5EbCbpntQn48jyHuvrkurSS/Q=
github.com/googleapis/gax-go/v2 v2.14.1/go.mod h1:Hb/NubMaVM88SrNkvl8X/o8XWwDJEPqouaLeN2IUxoA=
github.com/gorilla/websocket v1.5.3 h1:saDtZ6Pbx/0u+bgYQ3q96pZgCzfhKXGPqt7kZ72aNNg=
github.com/gorilla/websocket v1.5.3/go.mod h1:YR8l580nyteQvAITg2hZ9XVh4b55+EU/adAjf1fMHhE=
github.com/inconshreveable/mousetrap v1.0.0/go.mod h1:PxqpIevigyE2G7u3NXJIT2ANytuPF1OarO4DADm73n8=
github.com/invopop/jsonschema v0.13.0 h1:KvpoAJWEjR3uD9Kbm2HWJmqsEaHt8lBUpd0qHcIi21E=
github.com/invopop/jsonschema v0.13.0/go.mod h1:ffZ5Km5SWWRAIN6wbDXItl95euhFz2uON45H2qjYt+0=
github.com/jackc/pgpassfile v1.0.0 h1:/6Hmqy13Ss2zCq62VdNG8tM1wchn8zjSGOBJ6icpsIM=
github.com/jackc/pgpassfile v1.0.0/go.mod h1:CEx0iS5ambNFdcRtxPj5JhEz+xB6uRky5eyVu/W2HEg=
github.com/jackc/pgservicefile v0.0.0-20221227161230-091c0ba34f0a h1:bbPeKD0xmW/Y25WS6cokEszi5g+S0QxI/d45PkRi7Nk=
github.com/jackc/pgservicefile v0.0.0-20221227161230-091c0ba34f0a/go.mod h1:5TJZWKEWniPve33vlWYSoGYefn3gLQRzjfDlhSJ9ZKM=
github.com/jackc/pgx/v5 v5.4.3 h1:cxFyXhxlvAifxnkKKdlxv8XqUf59tDlYjnV5YYfsJJY=
github.com/jackc/pgx/v5 v5.4.3/go.mod h1:Ig06C2Vu0t5qXC60W8sqIthScaEnFvojjj9dSljmHRA=
github.com/jba/slog v0.2.0 h1:jI0U5NRR3EJKGsbeEVpItJNogk0c4RMeCl7vJmogCJI=
github.com/jba/slog v0.2.0/go.mod h1:0Dh7Vyz3Td68Z1OwzadfincHwr7v+PpzadrS2Jua338=
github.com/jinzhu/inflection v1.0.0 h1:K317FqzuhWc8YvSVlFMCCUb36O/S9MCKRDI7QkRKD/E=
github.com/jinzhu/inflection v1.0.0/go.mod h1:h+uFLlag+Qp1Va5pdKtLDYj+kHp5pxUVkryuEj+Srlc=
github.com/jinzhu/now v1.1.5 h1:/o9tlHleP7gOFmsnYNz3RGnqzefHA47wQpKrrdTIwXQ=
github.com/jinzhu/now v1.1.5/go.mod h1:d3SSVoowX0Lcu0IBviAWJpolVfI5UJVZZ7cO71lE/z8=
github.com/jmoiron/sqlx v1.3.5 h1:vFFPA71p1o5gAeqtEAwLU4dnX2napprKtHr7PYIcN3g=
github.com/jmoiron/sqlx v1.3.5/go.mod h1:nRVWtLre0KfCLJvgxzCsLVMogSvQ1zNJtpYr2Ccp0mQ=
github.com/joho/godotenv v1.3.0/go.mod h1:7hK45KPybAkOC6peb+G5yklZfMxEjkZhHbwpqxOKXbg=
github.com/josharian/intern v1.0.0 h1:vlS4z54oSdjm0bgjRigI+G1HpF+tI+9rE5LLzOg8HmY=
github.com/josharian/intern v1.0.0/go.mod h1:5DoeVV0s6jJacbCEi61lwdGj/aVlrQvzHFFd8Hwg//Y=
github.com/karrick/godirwalk v1.8.0/go.mod h1:H5KPZjojv4lE+QYImBI8xVtrBRgYrIVsaRPx4tDPEn4=
github.com/karrick/godirwalk v1.10.3/go.mod h1:RoGL9dQei4vP9ilrpETWE8CLOZ1kiN0LhBygSwrAsHA=
github.com/klauspost/compress v1.13.6/go.mod h1:/3/Vjq9QcHkK5uEr5lBEmyoZ1iFhe47etQ6QUkpK6sk=
github.com/konsorten/go-windows-terminal-sequences v1.0.1/go.mod h1:T0+1ngSBFLxvqU3pZ+m/2kptfBszLMUkC4ZK/EgS/cQ=
github.com/konsorten/go-windows-terminal-sequences v1.0.2/go.mod h1:T0+1ngSBFLxvqU3pZ+m/2kptfBszLMUkC4ZK/EgS/cQ=
github.com/kr/pretty v0.1.0/go.mod h1:dAy3ld7l9f0ibDNOQOHHMYYIIbhfbHSm3C4ZsoJORNo=
github.com/kr/pretty v0.3.1 h1:flRD4NNwYAUpkphVc1HcthR4KEIFJ65n8Mw5qdRn3LE=
github.com/kr/pretty v0.3.1/go.mod h1:hoEshYVHaxMs3cyo3Yncou5ZscifuDolrwPKZanG3xk=
github.com/kr/pty v1.1.1/go.mod h1:pFQYn66WHrOpPYNljwOMqo10TkYh1fy3cYio2l3bCsQ=
github.com/kr/text v0.1.0/go.mod h1:4Jbv+DJW3UT/LiOwJeYQe1efqtUx/iVham/4vfdArNI=
github.com/kr/text v0.2.0 h1:5Nx0Ya0ZqY2ygV366QzturHI13Jq95ApcVaJBhpS+AY=
github.com/kr/text v0.2.0/go.mod h1:eLer722TekiGuMkidMxC/pM04lWEeraHUUmBw8l2grE=
github.com/lib/pq v1.10.9 h1:YXG7RB+JIjhP29X+OtkiDnYaXQwpS4JEWq7dtCCRUEw=
github.com/lib/pq v1.10.9/go.mod h1:AlVN5x4E4T544tWzH6hKfbfQvm3HdbOxrmggDNAPY9o=
github.com/mailru/easyjson v0.0.0-20190614124828-94de47d64c63/go.mod h1:C1wdFJiN94OJF2b5HbByQZoLdCWB1Yqtg26g4irojpc=
github.com/mailru/easyjson v0.0.0-20190626092158-b2ccc519800e/go.mod h1:C1wdFJiN94OJF2b5HbByQZoLdCWB1Yqtg26g4irojpc=
github.com/mailru/easyjson v0.7.6/go.mod h1:xzfreul335JAWq5oZzymOObrkdz5UnU4kGfJJLY9Nlc=
github.com/mailru/easyjson v0.7.7/go.mod h1:xzfreul335JAWq5oZzymOObrkdz5UnU4kGfJJLY9Nlc=
github.com/mailru/easyjson v0.9.0 h1:PrnmzHw7262yW8sTBwxi1PdJA3Iw/EKBa8psRf7d9a4=
github.com/mailru/easyjson v0.9.0/go.mod h1:1+xMtQp2MRNVL/V1bOzuP3aP8VNwRW55fQUto+XFtTU=
github.com/markbates/oncer v0.0.0-20181203154359-bf2de49a0be2/go.mod h1:Ld9puTsIW75CHf65OeIOkyKbteujpZVXDpWK6YGZbxE=
github.com/markbates/safe v1.0.1/go.mod h1:nAqgmRi7cY2nqMc92/bSEeQA+R4OheNU2T1kNSCBdG0=
github.com/mbleigh/raymond v0.0.0-20250414171441-6b3a58ab9e0a h1:v2cBA3xWKv2cIOVhnzX/gNgkNXqiHfUgJtA3r61Hf7A=
github.com/mbleigh/raymond v0.0.0-20250414171441-6b3a58ab9e0a/go.mod h1:Y6ghKH+ZijXn5d9E7qGGZBmjitx7iitZdQiIW97EpTU=
github.com/mitchellh/mapstructure v1.3.3/go.mod h1:bFUtVrKA4DC2yAKiSyO/QUcy7e+RRV2QTWOzhPopBRo=
github.com/mitchellh/mapstructure v1.4.1/go.mod h1:bFUtVrKA4DC2yAKiSyO/QUcy7e+RRV2QTWOzhPopBRo=
github.com/mitchellh/mapstructure v1.4.3/go.mod h1:bFUtVrKA4DC2yAKiSyO/QUcy7e+RRV2QTWOzhPopBRo=
github.com/mitchellh/mapstructure v1.5.0 h1:jeMsZIYE/09sWLaz43PL7Gy6RuMjD2eJVyuac5Z2hdY=
github.com/mitchellh/mapstructure v1.5.0/go.mod h1:bFUtVrKA4DC2yAKiSyO/QUcy7e+RRV2QTWOzhPopBRo=
github.com/montanaflynn/stats v0.0.0-20171201202039-1bf9dbcd8cbe/go.mod h1:wL8QJuTMNUDYhXwkmfOly8iTdp5TEcJFWZD2D7SIkUc=
github.com/niemeyer/pretty v0.0.0-20200227124842-a10e7caefd8e/go.mod h1:zD1mROLANZcx1PVRCS0qkT7pwLkGfwJo4zjcN/Tysno=
github.com/oklog/ulid v1.3.1 h1:EGfNDEx6MqHz8B3uNV6QAib1UR2Lm97sHi3ocA6ESJ4=
github.com/oklog/ulid v1.3.1/go.mod h1:CirwcVhetQ6Lv90oh/F+FBtV6XMibvdAFo93nm5qn4U=
github.com/openai/openai-go v0.1.0-alpha.65 h1:G12sA6OaL+cVMElMO3m5RVFwKhhg40kmGeGhaYZIoYw=
github.com/openai/openai-go v0.1.0-alpha.65/go.mod h1:3SdE6BffOX9HPEQv8IL/fi3LYZ5TUpRYaqGQZbyk11A=
github.com/opentracing/opentracing-go v1.2.0 h1:uEJPy/1a5RIPAJ0Ov+OIO8OxWu77jEv+1B0VhjKrZUs=
github.com/opentracing/opentracing-go v1.2.0/go.mod h1:GxEUsuufX4nBwe+T+Wl9TAgYrxe9dPLANfrWvHYVTgc=
github.com/pelletier/go-toml v1.7.0/go.mod h1:vwGMzjaWMwyfHwgIBhI2YUM4fB6nL6lVAvS1LBMMhTE=
github.com/pgvector/pgvector-go v0.2.0 h1:NZdW4NxUxdSCzaev3LVHb9ORf+LdX+uZOQVqQ6s2Zyg=
github.com/pgvector/pgvector-go v0.2.0/go.mod h1:OQpvU5QZGQOPI9quIXAyHaRZ5yGk/RGUDbs9C3DPUNE=
github.com/pkg/errors v0.8.0/go.mod h1:bwawxfHBFNV+L2hUp1rHADufV3IMtnDRdf1r5NINEl0=
github.com/pkg/errors v0.8.1/go.mod h1:bwawxfHBFNV+L2hUp1rHADufV3IMtnDRdf1r5NINEl0=
github.com/pkg/errors v0.9.1 h1:FEBLx1zS214owpjy7qsBeixbURkuhQAwrK5UwLGTwt4=
github.com/pkg/errors v0.9.1/go.mod h1:bwawxfHBFNV+L2hUp1rHADufV3IMtnDRdf1r5NINEl0=
github.com/planetscale/vtprotobuf v0.6.1-0.20240319094008-0393e58bdf10 h1:GFCKgmp0tecUJ0sJuv4pzYCqS9+RGSn52M3FUwPs+uo=
github.com/planetscale/vtprotobuf v0.6.1-0.20240319094008-0393e58bdf10/go.mod h1:t/avpk3KcrXxUnYOhZhMXJlSEyie6gQbtLq5NM3loB8=
github.com/pmezard/go-difflib v1.0.0/go.mod h1:iKH77koFhYxTK1pcRnkKkqfTogsbg7gZNVY4sRDYZ/4=
github.com/pmezard/go-difflib v1.0.1-0.20181226105442-5d4384ee4fb2 h1:Jamvg5psRIccs7FGNTlIRMkT8wgtp5eCXdBlqhYGL6U=
github.com/pmezard/go-difflib v1.0.1-0.20181226105442-5d4384ee4fb2/go.mod h1:iKH77koFhYxTK1pcRnkKkqfTogsbg7gZNVY4sRDYZ/4=
github.com/rogpeppe/go-internal v1.1.0/go.mod h1:M8bDsm7K2OlrFYOpmOWEs/qY81heoFRclV5y23lUDJ4=
github.com/rogpeppe/go-internal v1.2.2/go.mod h1:M8bDsm7K2OlrFYOpmOWEs/qY81heoFRclV5y23lUDJ4=
github.com/rogpeppe/go-internal v1.3.0/go.mod h1:M8bDsm7K2OlrFYOpmOWEs/qY81heoFRclV5y23lUDJ4=
github.com/rogpeppe/go-internal v1.13.1 h1:KvO1DLK/DRN07sQ1LQKScxyZJuNnedQ5/wKSR38lUII=
github.com/rogpeppe/go-internal v1.13.1/go.mod h1:uMEvuHeurkdAXX61udpOXGD/AzZDWNMNyH2VO9fmH0o=
github.com/sirupsen/logrus v1.4.0/go.mod h1:LxeOpSwHxABJmUn/MG1IvRgCAasNZTLOkJPxbbu5VWo=
github.com/sirupsen/logrus v1.4.1/go.mod h1:ni0Sbl8bgC9z8RoU9G6nDWqqs/fq4eDPysMBDgk/93Q=
github.com/sirupsen/logrus v1.4.2/go.mod h1:tLMulIdttU9McNUspp0xgXVQah82FyeX6MwdIuYE2rE=
github.com/spf13/cobra v0.0.3/go.mod h1:1l0Ry5zgKvJasoi3XT1TypsSe7PqH0Sj9dhYf7v3XqQ=
github.com/spf13/pflag v1.0.3/go.mod h1:DYY7MBk1bdzusC3SYhjObp+wFpr4gzcvqqNjLnInEg4=
github.com/spiffe/go-spiffe/v2 v2.5.0 h1:N2I01KCUkv1FAjZXJMwh95KK1ZIQLYbPfhaxw8WS0hE=
github.com/spiffe/go-spiffe/v2 v2.5.0/go.mod h1:P+NxobPc6wXhVtINNtFjNWGBTreew1GBUCwT2wPmb7g=
github.com/stretchr/objx v0.1.0/go.mod h1:HFkY916IF+rwdDfMAkV7OtwuqBVzrE8GR6GFx+wExME=
github.com/stretchr/objx v0.1.1/go.mod h1:HFkY916IF+rwdDfMAkV7OtwuqBVzrE8GR6GFx+wExME=
github.com/stretchr/objx v0.5.2 h1:xuMeJ0Sdp5ZMRXx/aWO6RZxdr3beISkG5/G/aIRr3pY=
github.com/stretchr/objx v0.5.2/go.mod h1:FRsXN1f5AsAjCGJKqEizvkpNtU+EGNCLh3NxZ/8L+MA=
github.com/stretchr/testify v1.2.2/go.mod h1:a8OnRcib4nhh0OaRAV+Yts87kKdq0PP7pXfy6kDkUVs=
github.com/stretchr/testify v1.3.0/go.mod h1:M5WIy9Dh21IEIfnGCwXGc5bZfKNJtfHm1UVUgZn+9EI=
github.com/stretchr/testify v1.6.1/go.mod h1:6Fq8oRcR53rry900zMqJjRRixrwX3KX962/h/Wwjteg=
github.com/stretchr/testify v1.7.0/go.mod h1:6Fq8oRcR53rry900zMqJjRRixrwX3KX962/h/Wwjteg=
github.com/stretchr/testify v1.10.0 h1:Xv5erBjTwe/5IxqUQTdXv5kgmIvbHo3QQyRwhJsOfJA=
github.com/stretchr/testify v1.10.0/go.mod h1:r2ic/lqez/lEtzL7wO/rwa5dbSLXVDPFyf8C91i36aY=
github.com/tidwall/gjson v1.14.2/go.mod h1:/wbyibRr2FHMks5tjHJ5F8dMZh3AcwJEMf5vlfC0lxk=
github.com/tidwall/gjson v1.18.0 h1:FIDeeyB800efLX89e5a8Y0BNH+LOngJyGrIWxG2FKQY=
github.com/tidwall/gjson v1.18.0/go.mod h1:/wbyibRr2FHMks5tjHJ5F8dMZh3AcwJEMf5vlfC0lxk=
github.com/tidwall/match v1.1.1 h1:+Ho715JplO36QYgwN9PGYNhgZvoUSc9X2c80KVTi+GA=
github.com/tidwall/match v1.1.1/go.mod h1:eRSPERbgtNPcGhD8UCthc6PmLEQXEWd3PRB5JTxsfmM=
github.com/tidwall/pretty v1.0.0/go.mod h1:XNkn88O1ChpSDQmQeStsy+sBenx6DDtFZJxhVysOjyk=
github.com/tidwall/pretty v1.2.0/go.mod h1:ITEVvHYasfjBbM0u2Pg8T2nJnzm8xPwvNhhsoaGGjNU=
github.com/tidwall/pretty v1.2.1 h1:qjsOFOWWQl+N3RsoF5/ssm1pHmJJwhjlSbZ51I6wMl4=
github.com/tidwall/pretty v1.2.1/go.mod h1:ITEVvHYasfjBbM0u2Pg8T2nJnzm8xPwvNhhsoaGGjNU=
github.com/tidwall/sjson v1.2.5 h1:kLy8mja+1c9jlljvWTlSazM7cKDRfJuR/bOJhcY5NcY=
github.com/tidwall/sjson v1.2.5/go.mod h1:Fvgq9kS/6ociJEDnK0Fk1cpYF4FIW6ZF7LAe+6jwd28=
github.com/tmthrgd/go-hex v0.0.0-20190904060850-447a3041c3bc h1:9lRDQMhESg+zvGYmW5DyG0UqvY96Bu5QYsTLvCHdrgo=
github.com/tmthrgd/go-hex v0.0.0-20190904060850-447a3041c3bc/go.mod h1:bciPuU6GHm1iF1pBvUfxfsH0Wmnc2VbpgvbI9ZWuIRs=
github.com/uptrace/bun v1.1.12 h1:sOjDVHxNTuM6dNGaba0wUuz7KvDE1BmNu9Gqs2gJSXQ=
github.com/uptrace/bun v1.1.12/go.mod h1:NPG6JGULBeQ9IU6yHp7YGELRa5Agmd7ATZdz4tGZ6z0=
github.com/uptrace/bun/dialect/pgdialect v1.1.12 h1:m/CM1UfOkoBTglGO5CUTKnIKKOApOYxkcP2qn0F9tJk=
github.com/uptrace/bun/dialect/pgdialect v1.1.12/go.mod h1:Ij6WIxQILxLlL2frUBxUBOZJtLElD2QQNDcu/PWDHTc=
github.com/uptrace/bun/driver/pgdriver v1.1.12 h1:3rRWB1GK0psTJrHwxzNfEij2MLibggiLdTqjTtfHc1w=
github.com/uptrace/bun/driver/pgdriver v1.1.12/go.mod h1:ssYUP+qwSEgeDDS1xm2XBip9el1y9Mi5mTAvLoiADLM=
github.com/vmihailenco/bufpool v0.1.11 h1:gOq2WmBrq0i2yW5QJ16ykccQ4wH9UyEsgLm6czKAd94=
github.com/vmihailenco/bufpool v0.1.11/go.mod h1:AFf/MOy3l2CFTKbxwt0mp2MwnqjNEs5H/UxrkA5jxTQ=
github.com/vmihailenco/msgpack/v5 v5.4.1 h1:cQriyiUvjTwOHg8QZaPihLWeRAAVoCpE00IUPn0Bjt8=
github.com/vmihailenco/msgpack/v5 v5.4.1/go.mod h1:GaZTsDaehaPpQVyxrf5mtQlH+pc21PIudVV/E3rRQok=
github.com/vmihailenco/tagparser v0.1.2 h1:gnjoVuB/kljJ5wICEEOpx98oXMWPLj22G67Vbd1qPqc=
github.com/vmihailenco/tagparser v0.1.2/go.mod h1:OeAg3pn3UbLjkWt+rN9oFYB6u/cQgqMEUPoW2WPyhdI=
github.com/vmihailenco/tagparser/v2 v2.0.0 h1:y09buUbR+b5aycVFQs/g70pqKVZNBmxwAhO7/IwNM9g=
github.com/vmihailenco/tagparser/v2 v2.0.0/go.mod h1:Wri+At7QHww0WTrCBeu4J6bNtoV6mEfg5OIWRZA9qds=
github.com/weaviate/weaviate v1.30.0 h1:+JQaB1PXtLWWRsLPc8S/Gd2n0NnCXHufFuLST/lzIYU=
github.com/weaviate/weaviate v1.30.0/go.mod h1:2bp9vRsQVA1bzJIGlxyQMq4VwDBUmIETbMYLAYTouxk=
github.com/weaviate/weaviate-go-client/v5 v5.1.0 h1:3wSf4fktKLvspPHwDYnn07u0sKfDAhrA5JeRe+R4ENg=
github.com/weaviate/weaviate-go-client/v5 v5.1.0/go.mod h1:gg5qyiHk53+HMZW2ynkrgm+cMQDD2Ewyma84rBeChz4=
github.com/wk8/go-ordered-map/v2 v2.1.8 h1:5h/BUHu93oj4gIdvHHHGsScSTMijfx5PeYkE/fJgbpc=
github.com/wk8/go-ordered-map/v2 v2.1.8/go.mod h1:5nJHM5DyteebpVlHnWMV0rPz6Zp7+xBAnxjb1X5vnTw=
github.com/xdg-go/pbkdf2 v1.0.0/go.mod h1:jrpuAogTd400dnrH08LKmI/xc1MbPOebTwRqcT5RDeI=
github.com/xdg-go/scram v1.0.2/go.mod h1:1WAq6h33pAW+iRreB34OORO2Nf7qel3VV3fjBj+hCSs=
github.com/xdg-go/stringprep v1.0.2/go.mod h1:8F9zXuvzgwmyT5DUm4GUfZGDdT3W+LCvS6+da4O5kxM=
github.com/xeipuuv/gojsonpointer v0.0.0-20180127040702-4e3ac2762d5f/go.mod h1:N2zxlSyiKSe5eX1tZViRH5QA0qijqEDrYZiPEAiq3wU=
github.com/xeipuuv/gojsonpointer v0.0.0-20190905194746-02993c407bfb h1:zGWFAtiMcyryUHoUjUJX0/lt1H2+i2Ka2n+D3DImSNo=
github.com/xeipuuv/gojsonpointer v0.0.0-20190905194746-02993c407bfb/go.mod h1:N2zxlSyiKSe5eX1tZViRH5QA0qijqEDrYZiPEAiq3wU=
github.com/xeipuuv/gojsonreference v0.0.0-20180127040603-bd5ef7bd5415 h1:EzJWgHovont7NscjpAxXsDA8S8BMYve8Y5+7cuRE7R0=
github.com/xeipuuv/gojsonreference v0.0.0-20180127040603-bd5ef7bd5415/go.mod h1:GwrjFmJcFw6At/Gs6z4yjiIwzuJ1/+UwLxMQDVQXShQ=
github.com/xeipuuv/gojsonschema v1.2.0 h1:LhYJRs+L4fBtjZUfuSZIKGeVu0QRy8e5Xi7D17UxZ74=
github.com/xeipuuv/gojsonschema v1.2.0/go.mod h1:anYRn/JVcOK2ZgGU+IjEV4nwlhoK5sQluxsYJ78Id3Y=
github.com/youmark/pkcs8 v0.0.0-20181117223130-1be2e3e5546d/go.mod h1:rHwXgn7JulP+udvsHwJoVG1YGAP6VLg4y9I5dyZdqmA=
github.com/yuin/goldmark v1.4.13/go.mod h1:6yULJ656Px+3vBD8DxQVa3kxgyrAnzto9xy5taEt/CY=
github.com/zeebo/errs v1.4.0 h1:XNdoD/RRMKP7HD0UhJnIzUy74ISdGGxURlYG8HSWSfM=
github.com/zeebo/errs v1.4.0/go.mod h1:sgbWHsvVuTPHcqJJGQ1WhI5KbWlHYz+2+2C/LSEtCw4=
go.mongodb.org/mongo-driver v1.7.3/go.mod h1:NqaYOwnXWr5Pm7AOpO5QFxKJ503nbMse/R79oO62zWg=
go.mongodb.org/mongo-driver v1.7.5/go.mod h1:VXEWRZ6URJIkUq2SCAyapmhH0ZLRBP+FT4xhp5Zvxng=
go.mongodb.org/mongo-driver v1.8.3/go.mod h1:0sQWfOeY63QTntERDJJ/0SuKK0T1uVSgKCuAROlKEPY=
go.mongodb.org/mongo-driver v1.14.0 h1:P98w8egYRjYe3XDjxhYJagTokP/H6HzlsnojRgZRd80=
go.mongodb.org/mongo-driver v1.14.0/go.mod h1:Vzb0Mk/pa7e6cWw85R4F/endUC3u0U9jGcNU603k65c=
go.opencensus.io v0.24.0 h1:y73uSU6J157QMP2kn2r30vwW1A2W2WFwSCGnAVxeaD0=
go.opencensus.io v0.24.0/go.mod h1:vNK8G9p7aAivkbmorf4v+7Hgx+Zs0yY+0fOtgBfjQKo=
go.opentelemetry.io/auto/sdk v1.1.0 h1:cH53jehLUN6UFLY71z+NDOiNJqDdPRaXzTel0sJySYA=
go.opentelemetry.io/auto/sdk v1.1.0/go.mod h1:3wSPjt5PWp2RhlCcmmOial7AvC4DQqZb7a7wCow3W8A=
go.opentelemetry.io/contrib/detectors/gcp v1.34.0 h1:JRxssobiPg23otYU5SbWtQC//snGVIM3Tx6QRzlQBao=
go.opentelemetry.io/contrib/detectors/gcp v1.34.0/go.mod h1:cV4BMFcscUR/ckqLkbfQmF0PRsq8w/lMGzdbCSveBHo=
go.opentelemetry.io/contrib/instrumentation/google.golang.org/grpc/otelgrpc v0.60.0 h1:x7wzEgXfnzJcHDwStJT+mxOz4etr2EcexjqhBvmoakw=
go.opentelemetry.io/contrib/instrumentation/google.golang.org/grpc/otelgrpc v0.60.0/go.mod h1:rg+RlpR5dKwaS95IyyZqj5Wd4E13lk/msnTS0Xl9lJM=
go.opentelemetry.io/contrib/instrumentation/net/http/otelhttp v0.60.0 h1:sbiXRNDSWJOTobXh5HyQKjq6wUC5tNybqjIqDpAY4CU=
go.opentelemetry.io/contrib/instrumentation/net/http/otelhttp v0.60.0/go.mod h1:69uWxva0WgAA/4bu2Yy70SLDBwZXuQ6PbBpbsa5iZrQ=
go.opentelemetry.io/otel v1.35.0 h1:xKWKPxrxB6OtMCbmMY021CqC45J+3Onta9MqjhnusiQ=
go.opentelemetry.io/otel v1.35.0/go.mod h1:UEqy8Zp11hpkUrL73gSlELM0DupHoiq72dR+Zqel/+Y=
go.opentelemetry.io/otel/exporters/stdout/stdoutmetric v1.29.0 h1:WDdP9acbMYjbKIyJUhTvtzj601sVJOqgWdUxSdR/Ysc=
go.opentelemetry.io/otel/exporters/stdout/stdoutmetric v1.29.0/go.mod h1:BLbf7zbNIONBLPwvFnwNHGj4zge8uTCM/UPIVW1Mq2I=
go.opentelemetry.io/otel/metric v1.35.0 h1:0znxYu2SNyuMSQT4Y9WDWej0VpcsxkuklLa4/siN90M=
go.opentelemetry.io/otel/metric v1.35.0/go.mod h1:nKVFgxBZ2fReX6IlyW28MgZojkoAkJGaE8CpgeAU3oE=
go.opentelemetry.io/otel/sdk v1.35.0 h1:iPctf8iprVySXSKJffSS79eOjl9pvxV9ZqOWT0QejKY=
go.opentelemetry.io/otel/sdk v1.35.0/go.mod h1:+ga1bZliga3DxJ3CQGg3updiaAJoNECOgJREo9KHGQg=
go.opentelemetry.io/otel/sdk/metric v1.35.0 h1:1RriWBmCKgkeHEhM7a2uMjMUfP7MsOF5JpUCaEqEI9o=
go.opentelemetry.io/otel/sdk/metric v1.35.0/go.mod h1:is6XYCUMpcKi+ZsOvfluY5YstFnhW0BidkR+gL+qN+w=
go.opentelemetry.io/otel/trace v1.35.0 h1:dPpEfJu1sDIqruz7BHFG3c7528f6ddfSWfFDVt/xgMs=
go.opentelemetry.io/otel/trace v1.35.0/go.mod h1:WUk7DtFp1Aw2MkvqGdwiXYDZZNvA/1J8o6xRXLrIkyc=
go.uber.org/goleak v1.3.0 h1:2K3zAYmnTNqV73imy9J1T3WC+gmCePx2hEGkimedGto=
go.uber.org/goleak v1.3.0/go.mod h1:CoHD4mav9JJNrW/WLlf7HGZPjdw8EucARQHekz1X6bE=
golang.org/x/crypto v0.0.0-20180904163835-0709b304e793/go.mod h1:6SG95UA2DQfeDnfUPMdvaQW0Q7yPrPDi9nlGo2tz2b4=
golang.org/x/crypto v0.0.0-20190308221718-c2843e01d9a2/go.mod h1:djNgcEr1/C05ACkg1iLfiJU5Ep61QUkGW8qpdssI0+w=
golang.org/x/crypto v0.0.0-20190422162423-af44ce270edf/go.mod h1:WFFai1msRO1wXaEeE5yQxYXgSfI8pQAWXbQop6sCtWE=
golang.org/x/crypto v0.0.0-20200302210943-78000ba7a073/go.mod h1:LzIPMQfyMNhhGPhUkYOs5KpL4U8rLKemX1yGLhDgUto=
golang.org/x/crypto v0.0.0-20201216223049-8b5274cf687f/go.mod h1:jdWPYTVW3xRLrWPugEBEK3UY2ZEsg3UU495nc5E+M+I=
golang.org/x/crypto v0.0.0-20210921155107-089bfa567519/go.mod h1:GvvjBRRGRdwPK5ydBHafDWAxML/pGHZbMvKqRZ5+Abc=
golang.org/x/crypto v0.37.0 h1:kJNSjF/Xp7kU0iB2Z+9viTPMW4EqqsrywMXLJOOsXSE=
golang.org/x/crypto v0.37.0/go.mod h1:vg+k43peMZ0pUMhYmVAWysMK35e6ioLh3wB8ZCAfbVc=
golang.org/x/exp v0.0.0-20250408133849-7e4ce0ab07d0 h1:R84qjqJb5nVJMxqWYb3np9L5ZsaDtB+a39EqjV0JSUM=
golang.org/x/exp v0.0.0-20250408133849-7e4ce0ab07d0/go.mod h1:S9Xr4PYopiDyqSyp5NjCrhFrqg6A5zA2E/iPHPhqnS8=
golang.org/x/mod v0.6.0-dev.0.20220419223038-86c51ed26bb4/go.mod h1:jJ57K6gSWd91VN4djpZkiMVwK6gcyfeH4XE8wZrZaV4=
golang.org/x/net v0.0.0-20190311183353-d8887717615a/go.mod h1:t9HGtf8HONx5eT2rtn7q6eTqICYqUVnKs3thJo3Qplg=
golang.org/x/net v0.0.0-20190404232315-eb5bcb51f2a3/go.mod h1:t9HGtf8HONx5eT2rtn7q6eTqICYqUVnKs3thJo3Qplg=
golang.org/x/net v0.0.0-20190620200207-3b0461eec859/go.mod h1:z5CRVTTTmAJ677TzLLGU+0bjPO0LkuOLi4/5GtJWs/s=
golang.org/x/net v0.0.0-20210226172049-e18ecbb05110/go.mod h1:m0MpNAwzfU5UDzcl9v0D8zg8gWTRqZa9RBIspLL5mdg=
golang.org/x/net v0.0.0-20210421230115-4e50805a0758/go.mod h1:72T/g9IO56b78aLF+1Kcs5dz7/ng1VjMUvfKvpfy+jM=
golang.org/x/net v0.0.0-20220127200216-cd36cc0744dd/go.mod h1:CfG3xpIq0wQ8r1q4Su4UZFWDARRcnwPjda9FqA0JpMk=
golang.org/x/net v0.0.0-20220722155237-a158d28d115b/go.mod h1:XRhObCWvk6IyKnWLug+ECip1KBveYUHfp+8e9klMJ9c=
golang.org/x/net v0.39.0 h1:ZCu7HMWDxpXpaiKdhzIfaltL9Lp31x/3fCP11bc6/fY=
golang.org/x/net v0.39.0/go.mod h1:X7NRbYVEA+ewNkCNyJ513WmMdQ3BineSwVtN2zD/d+E=
golang.org/x/oauth2 v0.29.0 h1:WdYw2tdTK1S8olAzWHdgeqfy+Mtm9XNhv/xJsY65d98=
golang.org/x/oauth2 v0.29.0/go.mod h1:onh5ek6nERTohokkhCD/y2cV4Do3fxFHFuAejCkRWT8=
golang.org/x/sync v0.0.0-20190227155943-e225da77a7e6/go.mod h1:RxMgew5VJxzue5/jJTE5uejpjVlOe/izrB70Jof72aM=
golang.org/x/sync v0.0.0-20190412183630-56d357773e84/go.mod h1:RxMgew5VJxzue5/jJTE5uejpjVlOe/izrB70Jof72aM=
golang.org/x/sync v0.0.0-20190423024810-112230192c58/go.mod h1:RxMgew5VJxzue5/jJTE5uejpjVlOe/izrB70Jof72aM=
golang.org/x/sync v0.0.0-20190911185100-cd5d95a43a6e/go.mod h1:RxMgew5VJxzue5/jJTE5uejpjVlOe/izrB70Jof72aM=
golang.org/x/sync v0.0.0-20220722155255-886fb9371eb4/go.mod h1:RxMgew5VJxzue5/jJTE5uejpjVlOe/izrB70Jof72aM=
golang.org/x/sync v0.13.0 h1:AauUjRAJ9OSnvULf/ARrrVywoJDy0YS2AwQ98I37610=
golang.org/x/sync v0.13.0/go.mod h1:1dzgHSNfp02xaA81J2MS99Qcpr2w7fw1gpm99rleRqA=
golang.org/x/sys v0.0.0-20180905080454-ebe1bf3edb33/go.mod h1:STP8DvDyc/dI5b8T5hshtkjS+E42TnysNCUPdjciGhY=
golang.org/x/sys v0.0.0-20190215142949-d0b11bdaac8a/go.mod h1:STP8DvDyc/dI5b8T5hshtkjS+E42TnysNCUPdjciGhY=
golang.org/x/sys v0.0.0-20190403152447-81d4e9dc473e/go.mod h1:h1NjWce9XRLGQEsW7wpKNCjG9DtNlClVuFLEZdDNbEs=
golang.org/x/sys v0.0.0-20190412213103-97732733099d/go.mod h1:h1NjWce9XRLGQEsW7wpKNCjG9DtNlClVuFLEZdDNbEs=
golang.org/x/sys v0.0.0-20190419153524-e8e3143a4f4a/go.mod h1:h1NjWce9XRLGQEsW7wpKNCjG9DtNlClVuFLEZdDNbEs=
golang.org/x/sys v0.0.0-20190422165155-953cdadca894/go.mod h1:h1NjWce9XRLGQEsW7wpKNCjG9DtNlClVuFLEZdDNbEs=
golang.org/x/sys v0.0.0-20190531175056-4c3a928424d2/go.mod h1:h1NjWce9XRLGQEsW7wpKNCjG9DtNlClVuFLEZdDNbEs=
golang.org/x/sys v0.0.0-20191026070338-33540a1f6037/go.mod h1:h1NjWce9XRLGQEsW7wpKNCjG9DtNlClVuFLEZdDNbEs=
golang.org/x/sys v0.0.0-20201119102817-f84b799fce68/go.mod h1:h1NjWce9XRLGQEsW7wpKNCjG9DtNlClVuFLEZdDNbEs=
golang.org/x/sys v0.0.0-20210420072515-93ed5bcd2bfe/go.mod h1:h1NjWce9XRLGQEsW7wpKNCjG9DtNlClVuFLEZdDNbEs=
golang.org/x/sys v0.0.0-20210615035016-665e8c7367d1/go.mod h1:oPkhp1MJrh7nUepCBck5+mAzfO9JrbApNNgaTdGDITg=
golang.org/x/sys v0.0.0-20211216021012-1d35b9e2eb4e/go.mod h1:oPkhp1MJrh7nUepCBck5+mAzfO9JrbApNNgaTdGDITg=
golang.org/x/sys v0.0.0-20220520151302-bc2c85ada10a/go.mod h1:oPkhp1MJrh7nUepCBck5+mAzfO9JrbApNNgaTdGDITg=
golang.org/x/sys v0.0.0-20220722155257-8c9f86f7a55f/go.mod h1:oPkhp1MJrh7nUepCBck5+mAzfO9JrbApNNgaTdGDITg=
golang.org/x/sys v0.32.0 h1:s77OFDvIQeibCmezSnk/q6iAfkdiQaJi4VzroCFrN20=
golang.org/x/sys v0.32.0/go.mod h1:BJP2sWEmIv4KK5OTEluFJCKSidICx8ciO85XgH3Ak8k=
golang.org/x/term v0.0.0-20201117132131-f5c789dd3221/go.mod h1:Nr5EML6q2oocZ2LXRh80K7BxOlk5/8JxuGnuhpl+muw=
golang.org/x/term v0.0.0-20201126162022-7de9c90e9dd1/go.mod h1:bj7SfCRtBDWHUb9snDiAeCFNEtKQo2Wmx5Cou7ajbmo=
golang.org/x/term v0.0.0-20210927222741-03fcf44c2211/go.mod h1:jbD1KX2456YbFQfuXm/mYQcufACuNUgVhRMnK/tPxf8=
golang.org/x/text v0.3.0/go.mod h1:NqM8EUOU14njkJ3fqMW+pc6Ldnwhi/IjpwHt7yyuwOQ=
golang.org/x/text v0.3.3/go.mod h1:5Zoc/QRtKVWzQhOtBMvqHzDpF6irO9z98xDceosuGiQ=
golang.org/x/text v0.3.5/go.mod h1:5Zoc/QRtKVWzQhOtBMvqHzDpF6irO9z98xDceosuGiQ=
golang.org/x/text v0.3.6/go.mod h1:5Zoc/QRtKVWzQhOtBMvqHzDpF6irO9z98xDceosuGiQ=
golang.org/x/text v0.3.7/go.mod h1:u+2+/6zg+i71rQMx5EYifcz6MCKuco9NR6JIITiCfzQ=
golang.org/x/text v0.3.8/go.mod h1:E6s5w1FMmriuDzIBO73fBruAKo1PCIq6d2Q6DHfQ8WQ=
golang.org/x/text v0.24.0 h1:dd5Bzh4yt5KYA8f9CJHCP4FB4D51c2c6JvN37xJJkJ0=
golang.org/x/text v0.24.0/go.mod h1:L8rBsPeo2pSS+xqN0d5u2ikmjtmoJbDBT1b7nHvFCdU=
golang.org/x/time v0.11.0 h1:/bpjEDfN9tkoN/ryeYHnv5hcMlc8ncjMcM4XBk5NWV0=
golang.org/x/time v0.11.0/go.mod h1:CDIdPxbZBQxdj6cxyCIdrNogrJKMJ7pr37NYpMcMDSg=
golang.org/x/tools v0.0.0-20180917221912-90fa682c2a6e/go.mod h1:n7NCudcB/nEzxVGmLbDWY5pfWTLqBcC2KZ6jyYvM4mQ=
golang.org/x/tools v0.0.0-20190329151228-23e29df326fe/go.mod h1:LCzVGOaR6xXOjkQ3onu1FJEFr0SW1gC7cKk1uF8kGRs=
golang.org/x/tools v0.0.0-20190416151739-9c9e1878f421/go.mod h1:LCzVGOaR6xXOjkQ3onu1FJEFr0SW1gC7cKk1uF8kGRs=
golang.org/x/tools v0.0.0-20190420181800-aa740d480789/go.mod h1:LCzVGOaR6xXOjkQ3onu1FJEFr0SW1gC7cKk1uF8kGRs=
golang.org/x/tools v0.0.0-20190531172133-b3315ee88b7d/go.mod h1:/rFqwRUd4F7ZHNgwSSTFct+R/Kf4OFW1sUzUTQQTgfc=
golang.org/x/tools v0.0.0-20191119224855-298f0cb1881e/go.mod h1:b+2E5dAYhXwXZwtnZ6UAqBI28+e2cm9otk0dWdXHAEo=
golang.org/x/tools v0.1.12/go.mod h1:hNGJHUnrk76NpqgfD5Aqm5Crs+Hm0VOH/i9J2+nxYbc=
golang.org/x/tools v0.32.0 h1:Q7N1vhpkQv7ybVzLFtTjvQya2ewbwNDZzUgfXGqtMWU=
golang.org/x/tools v0.32.0/go.mod h1:ZxrU41P/wAbZD8EDa6dDCa6XfpkhJ7HFMjHJXfBDu8s=
golang.org/x/xerrors v0.0.0-20190717185122-a985d3407aa7/go.mod h1:I/5z698sn9Ka8TeJc9MKroUUfqBBauWjQqLJ2OPfmY0=
golang.org/x/xerrors v0.0.0-20191204190536-9bdfabe68543/go.mod h1:I/5z698sn9Ka8TeJc9MKroUUfqBBauWjQqLJ2OPfmY0=
google.golang.org/api v0.230.0 h1:2u1hni3E+UXAXrONrrkfWpi/V6cyKVAbfGVeGtC3OxM=
google.golang.org/api v0.230.0/go.mod h1:aqvtoMk7YkiXx+6U12arQFExiRV9D/ekvMCwCd/TksQ=
google.golang.org/appengine/v2 v2.0.6 h1:LvPZLGuchSBslPBp+LAhihBeGSiRh1myRoYK4NtuBIw=
google.golang.org/appengine/v2 v2.0.6/go.mod h1:WoEXGoXNfa0mLvaH5sV3ZSGXwVmy8yf7Z1JKf3J3wLI=
google.golang.org/genai v1.2.0 h1:noBlyXculPtMqyYdAkoXu/IdkgncP+JxNqXfEoMk/5E=
google.golang.org/genai v1.2.0/go.mod h1:TyfOKRz/QyCaj6f/ZDt505x+YreXnY40l2I6k8TvgqY=
google.golang.org/genproto v0.0.0-20250106144421-5f5ef82da422 h1:6GUHKGv2huWOHKmDXLMNE94q3fBDlEHI+oTRIZSebK0=
google.golang.org/genproto v0.0.0-20250106144421-5f5ef82da422/go.mod h1:1NPAxoesyw/SgLPqaUp9u1f9PWCLAk/jVmhx7gJZStg=
google.golang.org/genproto/googleapis/api v0.0.0-20250218202821-56aae31c358a h1:nwKuGPlUAt+aR+pcrkfFRrTU1BVrSmYyYMxYbUIVHr0=
google.golang.org/genproto/googleapis/api v0.0.0-20250218202821-56aae31c358a/go.mod h1:3kWAYMk1I75K4vykHtKt2ycnOgpA6974V7bREqbsenU=
google.golang.org/genproto/googleapis/rpc v0.0.0-20250414145226-207652e42e2e h1:ztQaXfzEXTmCBvbtWYRhJxW+0iJcz2qXfd38/e9l7bA=
google.golang.org/genproto/googleapis/rpc v0.0.0-20250414145226-207652e42e2e/go.mod h1:qQ0YXyHHx3XkvlzUtpXDkS29lDSafHMZBAZDc03LQ3A=
google.golang.org/grpc v1.72.0 h1:S7UkcVa60b5AAQTaO6ZKamFp1zMZSU0fGDK2WZLbBnM=
google.golang.org/grpc v1.72.0/go.mod h1:wH5Aktxcg25y1I3w7H69nHfXdOG3UiadoBtjh3izSDM=
google.golang.org/protobuf v1.26.0-rc.1/go.mod h1:jlhhOSvTdKEhbULTjvd4ARK9grFBp09yW+WbY/TyQbw=
google.golang.org/protobuf v1.30.0/go.mod h1:HV8QOd/L58Z+nl8r43ehVNZIU/HEI6OcFqwMG9pJV4I=
google.golang.org/protobuf v1.36.6 h1:z1NpPI8ku2WgiWnf+t9wTPsn6eP1L7ksHUlkfLvd9xY=
google.golang.org/protobuf v1.36.6/go.mod h1:jduwjTPXsFjZGTmRluh+L6NjiWu7pchiJ2/5YcXBHnY=
gopkg.in/check.v1 v0.0.0-20161208181325-20d25e280405/go.mod h1:Co6ibVJAznAaIkqp8huTwlJQCZ016jof/cbN4VW5Yz0=
gopkg.in/check.v1 v1.0.0-20180628173108-788fd7840127/go.mod h1:Co6ibVJAznAaIkqp8huTwlJQCZ016jof/cbN4VW5Yz0=
gopkg.in/check.v1 v1.0.0-20200227125254-8fa46927fb4f/go.mod h1:Co6ibVJAznAaIkqp8huTwlJQCZ016jof/cbN4VW5Yz0=
gopkg.in/check.v1 v1.0.0-20201130134442-10cb98267c6c h1:Hei/4ADfdWqJk1ZMxUNpqntNwaWcugrBjAiHlqqRiVk=
gopkg.in/check.v1 v1.0.0-20201130134442-10cb98267c6c/go.mod h1:JHkPIbrfpd72SG/EVd6muEfDQjcINNoR0C8j2r3qZ4Q=
gopkg.in/errgo.v2 v2.1.0/go.mod h1:hNsd1EY+bozCKY1Ytp96fpM3vjJbqLJn88ws8XvfDNI=
gopkg.in/yaml.v2 v2.2.2/go.mod h1:hI93XBmqTisBFMUTm0b8Fm+jr3Dg1NNxqwp+5A1VGuI=
gopkg.in/yaml.v2 v2.2.8/go.mod h1:hI93XBmqTisBFMUTm0b8Fm+jr3Dg1NNxqwp+5A1VGuI=
gopkg.in/yaml.v2 v2.4.0 h1:D8xgwECY7CYvx+Y2n4sBz93Jn9JRvxdiyyo8CTfuKaY=
gopkg.in/yaml.v2 v2.4.0/go.mod h1:RDklbk79AGWmwhnvt/jBztapEOGDOx6ZbXqjP6csGnQ=
gopkg.in/yaml.v3 v3.0.0-20200313102051-9f266ea9e77c/go.mod h1:K4uyk7z7BCEPqu6E+C64Yfv1cQ7kz7rIZviUmN+EgEM=
gopkg.in/yaml.v3 v3.0.0-20200605160147-a5ece683394c/go.mod h1:K4uyk7z7BCEPqu6E+C64Yfv1cQ7kz7rIZviUmN+EgEM=
gopkg.in/yaml.v3 v3.0.0-20200615113413-eeeca48fe776/go.mod h1:K4uyk7z7BCEPqu6E+C64Yfv1cQ7kz7rIZviUmN+EgEM=
gopkg.in/yaml.v3 v3.0.0-20210107192922-496545a6307b/go.mod h1:K4uyk7z7BCEPqu6E+C64Yfv1cQ7kz7rIZviUmN+EgEM=
gopkg.in/yaml.v3 v3.0.1 h1:fxVm/GzAzEWqLHuvctI91KS9hhNmmWOoWu0XTYJS7CA=
gopkg.in/yaml.v3 v3.0.1/go.mod h1:K4uyk7z7BCEPqu6E+C64Yfv1cQ7kz7rIZviUmN+EgEM=
gorm.io/driver/postgres v1.5.4 h1:Iyrp9Meh3GmbSuyIAGyjkN+n9K+GHX9b9MqsTL4EJCo=
gorm.io/driver/postgres v1.5.4/go.mod h1:Bgo89+h0CRcdA33Y6frlaHHVuTdOf87pmyzwW9C/BH0=
gorm.io/gorm v1.25.5 h1:zR9lOiiYf09VNh5Q1gphfyia1JpiClIWG9hQaxB/mls=
gorm.io/gorm v1.25.5/go.mod h1:hbnx/Oo0ChWMn1BIhpy1oYozzpM15i4YPuHDmfYtwg8=
mellium.im/sasl v0.3.1 h1:wE0LW6g7U83vhvxjC1IY8DnXM+EU095yeo8XClvCdfo=
mellium.im/sasl v0.3.1/go.mod h1:xm59PUYpZHhgQ9ZqoJ5QaCqzWMi8IeS49dhp6plPCzw=
